
Microsoft Visual Studio Solution File, Format Version 12.00
# Visual Studio 15
VisualStudioVersion = 15.0.27004.2008
MinimumVisualStudioVersion = 10.0.40219.1
Project("{262852C6-CD72-467D-83FE-5EEB1973A190}") = "Learun.Application.Mobile", "Learun.Application.Mobile.jsproj", "{B9943E88-BF67-46EC-A4D8-D0C81D5846C4}"
EndProject
Global
	GlobalSection(SolutionConfigurationPlatforms) = preSolution
		Debug|Android = Debug|Android
		Debug|iOS = Debug|iOS
		Debug|Windows-ARM = Debug|Windows-ARM
		Debug|Windows-x64 = Debug|Windows-x64
		Debug|Windows-x86 = Debug|Windows-x86
		Release|Android = Release|Android
		Release|iOS = Release|iOS
		Release|Windows-ARM = Release|Windows-ARM
		Release|Windows-x64 = Release|Windows-x64
		Release|Windows-x86 = Release|Windows-x86
	EndGlobalSection
	GlobalSection(ProjectConfigurationPlatforms) = postSolution
		{B9943E88-BF67-46EC-A4D8-D0C81D5846C4}.Debug|Android.ActiveCfg = Debug|Android
		{B9943E88-BF67-46EC-A4D8-D0C81D5846C4}.Debug|Android.Build.0 = Debug|Android
		{B9943E88-BF67-46EC-A4D8-D0C81D5846C4}.Debug|Android.Deploy.0 = Debug|Android
		{B9943E88-BF67-46EC-A4D8-D0C81D5846C4}.Debug|iOS.ActiveCfg = Debug|iOS
		{B9943E88-BF67-46EC-A4D8-D0C81D5846C4}.Debug|iOS.Build.0 = Debug|iOS
		{B9943E88-BF67-46EC-A4D8-D0C81D5846C4}.Debug|iOS.Deploy.0 = Debug|iOS
		{B9943E88-BF67-46EC-A4D8-D0C81D5846C4}.Debug|Windows-ARM.ActiveCfg = Debug|Windows-ARM
		{B9943E88-BF67-46EC-A4D8-D0C81D5846C4}.Debug|Windows-ARM.Build.0 = Debug|Windows-ARM
		{B9943E88-BF67-46EC-A4D8-D0C81D5846C4}.Debug|Windows-ARM.Deploy.0 = Debug|Windows-ARM
		{B9943E88-BF67-46EC-A4D8-D0C81D5846C4}.Debug|Windows-x64.ActiveCfg = Debug|Windows-x64
		{B9943E88-BF67-46EC-A4D8-D0C81D5846C4}.Debug|Windows-x64.Build.0 = Debug|Windows-x64
		{B9943E88-BF67-46EC-A4D8-D0C81D5846C4}.Debug|Windows-x64.Deploy.0 = Debug|Windows-x64
		{B9943E88-BF67-46EC-A4D8-D0C81D5846C4}.Debug|Windows-x86.ActiveCfg = Debug|Windows-x86
		{B9943E88-BF67-46EC-A4D8-D0C81D5846C4}.Debug|Windows-x86.Build.0 = Debug|Windows-x86
		{B9943E88-BF67-46EC-A4D8-D0C81D5846C4}.Debug|Windows-x86.Deploy.0 = Debug|Windows-x86
		{B9943E88-BF67-46EC-A4D8-D0C81D5846C4}.Release|Android.ActiveCfg = Release|Android
		{B9943E88-BF67-46EC-A4D8-D0C81D5846C4}.Release|Android.Build.0 = Release|Android
		{B9943E88-BF67-46EC-A4D8-D0C81D5846C4}.Release|Android.Deploy.0 = Release|Android
		{B9943E88-BF67-46EC-A4D8-D0C81D5846C4}.Release|iOS.ActiveCfg = Release|iOS
		{B9943E88-BF67-46EC-A4D8-D0C81D5846C4}.Release|iOS.Build.0 = Release|iOS
		{B9943E88-BF67-46EC-A4D8-D0C81D5846C4}.Release|iOS.Deploy.0 = Release|iOS
		{B9943E88-BF67-46EC-A4D8-D0C81D5846C4}.Release|Windows-ARM.ActiveCfg = Release|Windows-ARM
		{B9943E88-BF67-46EC-A4D8-D0C81D5846C4}.Release|Windows-ARM.Build.0 = Release|Windows-ARM
		{B9943E88-BF67-46EC-A4D8-D0C81D5846C4}.Release|Windows-ARM.Deploy.0 = Release|Windows-ARM
		{B9943E88-BF67-46EC-A4D8-D0C81D5846C4}.Release|Windows-x64.ActiveCfg = Release|Windows-x64
		{B9943E88-BF67-46EC-A4D8-D0C81D5846C4}.Release|Windows-x64.Build.0 = Release|Windows-x64
		{B9943E88-BF67-46EC-A4D8-D0C81D5846C4}.Release|Windows-x64.Deploy.0 = Release|Windows-x64
		{B9943E88-BF67-46EC-A4D8-D0C81D5846C4}.Release|Windows-x86.ActiveCfg = Release|Windows-x86
		{B9943E88-BF67-46EC-A4D8-D0C81D5846C4}.Release|Windows-x86.Build.0 = Release|Windows-x86
		{B9943E88-BF67-46EC-A4D8-D0C81D5846C4}.Release|Windows-x86.Deploy.0 = Release|Windows-x86
	EndGlobalSection
	GlobalSection(SolutionProperties) = preSolution
		HideSolutionNode = FALSE
	EndGlobalSection
	GlobalSection(ExtensibilityGlobals) = postSolution
		SolutionGuid = {DE155D09-06B5-4BCA-8433-365A2FC796CF}
	EndGlobalSection
EndGlobal
