
Microsoft Visual Studio Solution File, Format Version 12.00
# Visual Studio 15
VisualStudioVersion = 15.0.27130.2020
MinimumVisualStudioVersion = 10.0.40219.1
Project("{2150E333-8FDC-42A3-9474-1A3956D46DE8}") = "01 Framework 基础模块", "01 Framework 基础模块", "{C6B09613-CC72-4D16-8056-1FD68ED86BF3}"
EndProject
Project("{2150E333-8FDC-42A3-9474-1A3956D46DE8}") = "03 Cache 缓存模块", "03 Cache 缓存模块", "{BBB63BC5-EBF2-4ED2-8804-7187223C3DF5}"
EndProject
Project("{2150E333-8FDC-42A3-9474-1A3956D46DE8}") = "02 ApplicationModule 应用模块", "02 ApplicationModule 应用模块", "{656B47C1-3922-4F0B-820E-00BA9BDB33B1}"
EndProject
Project("{2150E333-8FDC-42A3-9474-1A3956D46DE8}") = "04 Application 应用界面", "04 Application 应用界面", "{29DFF52B-8455-4EA1-8798-3AEE210D9372}"
EndProject
Project("{2150E333-8FDC-42A3-9474-1A3956D46DE8}") = "01 Util 实用类模块", "01 Util 实用类模块", "{5C21750D-4143-4749-9489-F739765F542D}"
EndProject
Project("{2150E333-8FDC-42A3-9474-1A3956D46DE8}") = ".nuget", ".nuget", "{26CFF3C8-4B33-4588-8787-D631124FD63E}"
	ProjectSection(SolutionItems) = preProject
		.nuget\NuGet.Config = .nuget\NuGet.Config
		.nuget\NuGet.exe = .nuget\NuGet.exe
		.nuget\NuGet.targets = .nuget\NuGet.targets
	EndProjectSection
EndProject
Project("{2150E333-8FDC-42A3-9474-1A3956D46DE8}") = "03 SOA 应用服务", "03 SOA 应用服务", "{ED258CD0-0A0C-490B-9D8F-B4CEC4467251}"
EndProject
Project("{2150E333-8FDC-42A3-9474-1A3956D46DE8}") = "02 Ioc 容器模块", "02 Ioc 容器模块", "{0922D521-971B-48E1-A1FF-7AB7B1E8EF61}"
EndProject
Project("{2150E333-8FDC-42A3-9474-1A3956D46DE8}") = "05 DataAccess 数据库模块", "05 DataAccess 数据库模块", "{27B3C269-FF3F-4E1C-9B92-A40F6B4857E0}"
EndProject
Project("{2150E333-8FDC-42A3-9474-1A3956D46DE8}") = "04 Log 日志模块", "04 Log 日志模块", "{8533DB03-B16B-4192-BF8B-137FC33AAF12}"
EndProject
Project("{FAE04EC0-301F-11D3-BF4B-00C04F79EFBC}") = "Learun.Application.Web", "Learun.Application.Web\Learun.Application.Web.csproj", "{2F94FC64-4D55-4874-8A71-95E9DB1F2AAD}"
EndProject
Project("{FAE04EC0-301F-11D3-BF4B-00C04F79EFBC}") = "Learun.Util", "Learun.Framework.Module\Learun.Util\Learun.Util\Learun.Util.csproj", "{CF8AE293-88AB-436C-9720-A8386BA5D7B7}"
EndProject
Project("{FAE04EC0-301F-11D3-BF4B-00C04F79EFBC}") = "Learun.Util.Operat", "Learun.Framework.Module\Learun.Util\Learun.Util.Operat\Learun.Util.Operat.csproj", "{AD556B7A-E0D1-41BD-9D5B-18F8502E9F33}"
EndProject
Project("{FAE04EC0-301F-11D3-BF4B-00C04F79EFBC}") = "Learun.Ioc", "Learun.Framework.Module\Learun.Ioc\Learun.Ioc.csproj", "{81C03609-AE0D-414C-829B-16B990487ADD}"
EndProject
Project("{FAE04EC0-301F-11D3-BF4B-00C04F79EFBC}") = "Learun.Cache.Redis", "Learun.Framework.Module\Learun.Cache\Learun.Cache.Redis\Learun.Cache.Redis.csproj", "{13808645-2013-4896-8EE2-65144E222C69}"
EndProject
Project("{FAE04EC0-301F-11D3-BF4B-00C04F79EFBC}") = "Learun.Cache.Factory", "Learun.Framework.Module\Learun.Cache\LeaRun.Cache.Factory\Learun.Cache.Factory.csproj", "{68902FCF-C439-4010-B17B-2499C972EE33}"
EndProject
Project("{FAE04EC0-301F-11D3-BF4B-00C04F79EFBC}") = "Learun.Cache.Base", "Learun.Framework.Module\Learun.Cache\Learun.Cache.Base\Learun.Cache.Base.csproj", "{975F2CB8-605C-4ADD-B365-B97BF844F0FE}"
EndProject
Project("{FAE04EC0-301F-11D3-BF4B-00C04F79EFBC}") = "Learun.Loger", "Learun.Framework.Module\Learun.Log\Learun.Loger.csproj", "{D27E14DC-B68C-408D-A2E3-FDB38665ECBB}"
EndProject
Project("{FAE04EC0-301F-11D3-BF4B-00C04F79EFBC}") = "Learun.DataBase", "Learun.Framework.Module\Learun.Db\Learun.DataBase\Learun.DataBase.csproj", "{C329F9E1-4327-4769-9D08-07E6FEC41005}"
EndProject
Project("{FAE04EC0-301F-11D3-BF4B-00C04F79EFBC}") = "Learun.DataBase.Oracle", "Learun.Framework.Module\Learun.Db\Learun.DataBase.EF.Oracle\Learun.DataBase.Oracle.csproj", "{82069F3A-AB45-4F8B-B2BF-A36B14208F41}"
EndProject
Project("{FAE04EC0-301F-11D3-BF4B-00C04F79EFBC}") = "Learun.DataBase.SqlServer", "Learun.Framework.Module\Learun.Db\Learun.DataBase.EF.Sqlserver\Learun.DataBase.SqlServer.csproj", "{890532F8-5205-4EE9-965C-84500CAD24DE}"
EndProject
Project("{FAE04EC0-301F-11D3-BF4B-00C04F79EFBC}") = "Learun.DataBase.Repository", "Learun.Framework.Module\Learun.Db\Learun.DataBase.Repository\Learun.DataBase.Repository.csproj", "{7F5E2A6C-C859-494A-8577-75BF9603A80C}"
EndProject
Project("{FAE04EC0-301F-11D3-BF4B-00C04F79EFBC}") = "Learun.Application.Mapping", "Learun.Framework.Module\Learun.Application.Module\Learun.Application.Mapping\Learun.Application.Mapping.csproj", "{79F8E2F1-08E7-4336-93E0-512B39F9DD54}"
EndProject
Project("{FAE04EC0-301F-11D3-BF4B-00C04F79EFBC}") = "Learun.Application.WeChat", "Learun.Framework.Module\Learun.Application.Module\Learun.Application.WeChat\Learun.Application.WeChat.csproj", "{36FA9414-767E-4806-9E45-2075216B1070}"
EndProject
Project("{FAE04EC0-301F-11D3-BF4B-00C04F79EFBC}") = "Learun.DataBase.MySqlEx", "Learun.Framework.Module\Learun.Db\Learun.DataBase.MySql\Learun.DataBase.MySqlEx.csproj", "{FE4CB79E-7F98-4683-BC4A-5173A5BC5636}"
EndProject
Project("{FAE04EC0-301F-11D3-BF4B-00C04F79EFBC}") = "Learun.Application.OA", "Learun.Framework.Module\Learun.Application.Module\Learun.Application.OA\Learun.Application.OA.csproj", "{5F3FDF79-A47E-4782-A090-DD0DC2D5CDC1}"
EndProject
Project("{FAE04EC0-301F-11D3-BF4B-00C04F79EFBC}") = "Learun.Application.Excel", "Learun.Framework.Module\Learun.Application.Module\Learun.Application.Excel\Learun.Application.Excel.csproj", "{10BAA80B-16F5-4514-902D-F9F7FA608BDD}"
EndProject
Project("{2150E333-8FDC-42A3-9474-1A3956D46DE8}") = "01 数据库实体映射", "01 数据库实体映射", "{EB13D46C-0BFF-4245-AC36-41006C7ECA26}"
EndProject
Project("{2150E333-8FDC-42A3-9474-1A3956D46DE8}") = "02 框架本身模块", "02 框架本身模块", "{16DDB25D-3101-47A2-BDC8-161954FD77FA}"
EndProject
Project("{2150E333-8FDC-42A3-9474-1A3956D46DE8}") = "03 二次开发模块", "03 二次开发模块", "{BB319097-537F-4937-9ABF-62DCB0F25C76}"
EndProject
Project("{FAE04EC0-301F-11D3-BF4B-00C04F79EFBC}") = "Learun.Application.WebApi", "Learun.Application.WebApi\Learun.Application.WebApi.csproj", "{FA8E854B-F41C-4554-A97E-8D6E076E3117}"
EndProject
Project("{FAE04EC0-301F-11D3-BF4B-00C04F79EFBC}") = "Learun.Application.IMServer", "Learun.Application.IMServer\Learun.Application.IMServer.csproj", "{2EA7744F-7317-454A-8250-AF06C37949A7}"
EndProject
Project("{FAE04EC0-301F-11D3-BF4B-00C04F79EFBC}") = "Learun.Application.Form", "Learun.Framework.Module\Learun.Application.Module\Learun.Application.Form\Learun.Application.Form.csproj", "{9164926B-150A-47D6-B384-A41AA4A7BC5D}"
EndProject
Project("{FAE04EC0-301F-11D3-BF4B-00C04F79EFBC}") = "Learun.Application.IM", "Learun.Framework.Module\Learun.Application.Module\Learun.Application.IM\Learun.Application.IM.csproj", "{DB34DFC9-7227-41FA-88AA-832DBF247811}"
EndProject
Project("{FAE04EC0-301F-11D3-BF4B-00C04F79EFBC}") = "Learun.Application.WorkFlow", "Learun.Framework.Module\Learun.Application.Module\Learun.Application.WorkFlow\Learun.Application.WorkFlow.csproj", "{88D8E99D-DF26-4506-83C5-51E354818BEF}"
EndProject
Project("{FAE04EC0-301F-11D3-BF4B-00C04F79EFBC}") = "Learun.Application.Report", "Learun.Framework.Module\Learun.Application.Module\Learun.Application.Report\Learun.Application.Report.csproj", "{886B15B8-7B60-4872-85D1-7F47AC0951EF}"
EndProject
Project("{FAE04EC0-301F-11D3-BF4B-00C04F79EFBC}") = "Learun.Application.CRM", "Learun.Framework.Module\Learun.Application.Module\Learun.Application.CRM\Learun.Application.CRM.csproj", "{81E208BC-39B6-4CA3-81F1-C847D47330D1}"
EndProject
Project("{FAE04EC0-301F-11D3-BF4B-00C04F79EFBC}") = "Learun.Application.TwoDevelopment", "Learun.Framework.Module\Learun.Application.Module\Learun.Application.TwoDevelopment\Learun.Application.TwoDevelopment.csproj", "{56F9A112-FD96-4809-98F4-0D7C5DE0711B}"
EndProject
Project("{FAE04EC0-301F-11D3-BF4B-00C04F79EFBC}") = "Learun.Application.WorkFlowServer", "Learun.Application.WorkFlowServer\Learun.Application.WorkFlowServer.csproj", "{A6C7C75A-7BAF-4534-BC56-5818D8DC8CD1}"
EndProject
Project("{FAE04EC0-301F-11D3-BF4B-00C04F79EFBC}") = "Learun.Application.Base", "Learun.Framework.Module\Learun.Application.Module\Learun.Application.Base\Learun.Application.Base.csproj", "{0CDD0DC8-74CF-4C71-923C-66204A8923D3}"
EndProject
Project("{FAE04EC0-301F-11D3-BF4B-00C04F79EFBC}") = "Learun.Application.Organization", "Learun.Application.Organization\Learun.Application.Organization.csproj", "{E9877A25-801B-4605-AD35-E6306916513C}"
EndProject
Project("{FAE04EC0-301F-11D3-BF4B-00C04F79EFBC}") = "Learun.Application.AppMagager", "Learun.Framework.Module\Learun.Application.Module\Learun.Application.AppMagager\Learun.Application.AppMagager.csproj", "{8F770F8B-06B3-43DA-886F-15D41CEC62EE}"
EndProject
Global
	GlobalSection(SolutionConfigurationPlatforms) = preSolution
		Debug|Android = Debug|Android
		Debug|Any CPU = Debug|Any CPU
		Debug|iOS = Debug|iOS
		Debug|Windows-ARM = Debug|Windows-ARM
		Debug|Windows-x64 = Debug|Windows-x64
		Debug|Windows-x86 = Debug|Windows-x86
		Release|Android = Release|Android
		Release|Any CPU = Release|Any CPU
		Release|iOS = Release|iOS
		Release|Windows-ARM = Release|Windows-ARM
		Release|Windows-x64 = Release|Windows-x64
		Release|Windows-x86 = Release|Windows-x86
	EndGlobalSection
	GlobalSection(ProjectConfigurationPlatforms) = postSolution
		{2F94FC64-4D55-4874-8A71-95E9DB1F2AAD}.Debug|Android.ActiveCfg = Debug|Any CPU
		{2F94FC64-4D55-4874-8A71-95E9DB1F2AAD}.Debug|Android.Build.0 = Debug|Any CPU
		{2F94FC64-4D55-4874-8A71-95E9DB1F2AAD}.Debug|Any CPU.ActiveCfg = Debug|Any CPU
		{2F94FC64-4D55-4874-8A71-95E9DB1F2AAD}.Debug|Any CPU.Build.0 = Debug|Any CPU
		{2F94FC64-4D55-4874-8A71-95E9DB1F2AAD}.Debug|iOS.ActiveCfg = Debug|Any CPU
		{2F94FC64-4D55-4874-8A71-95E9DB1F2AAD}.Debug|iOS.Build.0 = Debug|Any CPU
		{2F94FC64-4D55-4874-8A71-95E9DB1F2AAD}.Debug|Windows-ARM.ActiveCfg = Debug|Any CPU
		{2F94FC64-4D55-4874-8A71-95E9DB1F2AAD}.Debug|Windows-ARM.Build.0 = Debug|Any CPU
		{2F94FC64-4D55-4874-8A71-95E9DB1F2AAD}.Debug|Windows-x64.ActiveCfg = Debug|Any CPU
		{2F94FC64-4D55-4874-8A71-95E9DB1F2AAD}.Debug|Windows-x64.Build.0 = Debug|Any CPU
		{2F94FC64-4D55-4874-8A71-95E9DB1F2AAD}.Debug|Windows-x86.ActiveCfg = Debug|Any CPU
		{2F94FC64-4D55-4874-8A71-95E9DB1F2AAD}.Debug|Windows-x86.Build.0 = Debug|Any CPU
		{2F94FC64-4D55-4874-8A71-95E9DB1F2AAD}.Release|Android.ActiveCfg = Release|Any CPU
		{2F94FC64-4D55-4874-8A71-95E9DB1F2AAD}.Release|Android.Build.0 = Release|Any CPU
		{2F94FC64-4D55-4874-8A71-95E9DB1F2AAD}.Release|Any CPU.ActiveCfg = Release|Any CPU
		{2F94FC64-4D55-4874-8A71-95E9DB1F2AAD}.Release|Any CPU.Build.0 = Release|Any CPU
		{2F94FC64-4D55-4874-8A71-95E9DB1F2AAD}.Release|iOS.ActiveCfg = Release|Any CPU
		{2F94FC64-4D55-4874-8A71-95E9DB1F2AAD}.Release|iOS.Build.0 = Release|Any CPU
		{2F94FC64-4D55-4874-8A71-95E9DB1F2AAD}.Release|Windows-ARM.ActiveCfg = Release|Any CPU
		{2F94FC64-4D55-4874-8A71-95E9DB1F2AAD}.Release|Windows-ARM.Build.0 = Release|Any CPU
		{2F94FC64-4D55-4874-8A71-95E9DB1F2AAD}.Release|Windows-x64.ActiveCfg = Release|Any CPU
		{2F94FC64-4D55-4874-8A71-95E9DB1F2AAD}.Release|Windows-x64.Build.0 = Release|Any CPU
		{2F94FC64-4D55-4874-8A71-95E9DB1F2AAD}.Release|Windows-x86.ActiveCfg = Release|Any CPU
		{2F94FC64-4D55-4874-8A71-95E9DB1F2AAD}.Release|Windows-x86.Build.0 = Release|Any CPU
		{CF8AE293-88AB-436C-9720-A8386BA5D7B7}.Debug|Android.ActiveCfg = Debug|Any CPU
		{CF8AE293-88AB-436C-9720-A8386BA5D7B7}.Debug|Android.Build.0 = Debug|Any CPU
		{CF8AE293-88AB-436C-9720-A8386BA5D7B7}.Debug|Any CPU.ActiveCfg = Debug|Any CPU
		{CF8AE293-88AB-436C-9720-A8386BA5D7B7}.Debug|Any CPU.Build.0 = Debug|Any CPU
		{CF8AE293-88AB-436C-9720-A8386BA5D7B7}.Debug|iOS.ActiveCfg = Debug|Any CPU
		{CF8AE293-88AB-436C-9720-A8386BA5D7B7}.Debug|iOS.Build.0 = Debug|Any CPU
		{CF8AE293-88AB-436C-9720-A8386BA5D7B7}.Debug|Windows-ARM.ActiveCfg = Debug|Any CPU
		{CF8AE293-88AB-436C-9720-A8386BA5D7B7}.Debug|Windows-ARM.Build.0 = Debug|Any CPU
		{CF8AE293-88AB-436C-9720-A8386BA5D7B7}.Debug|Windows-x64.ActiveCfg = Debug|Any CPU
		{CF8AE293-88AB-436C-9720-A8386BA5D7B7}.Debug|Windows-x64.Build.0 = Debug|Any CPU
		{CF8AE293-88AB-436C-9720-A8386BA5D7B7}.Debug|Windows-x86.ActiveCfg = Debug|Any CPU
		{CF8AE293-88AB-436C-9720-A8386BA5D7B7}.Debug|Windows-x86.Build.0 = Debug|Any CPU
		{CF8AE293-88AB-436C-9720-A8386BA5D7B7}.Release|Android.ActiveCfg = Release|Any CPU
		{CF8AE293-88AB-436C-9720-A8386BA5D7B7}.Release|Android.Build.0 = Release|Any CPU
		{CF8AE293-88AB-436C-9720-A8386BA5D7B7}.Release|Any CPU.ActiveCfg = Release|Any CPU
		{CF8AE293-88AB-436C-9720-A8386BA5D7B7}.Release|Any CPU.Build.0 = Release|Any CPU
		{CF8AE293-88AB-436C-9720-A8386BA5D7B7}.Release|iOS.ActiveCfg = Release|Any CPU
		{CF8AE293-88AB-436C-9720-A8386BA5D7B7}.Release|iOS.Build.0 = Release|Any CPU
		{CF8AE293-88AB-436C-9720-A8386BA5D7B7}.Release|Windows-ARM.ActiveCfg = Release|Any CPU
		{CF8AE293-88AB-436C-9720-A8386BA5D7B7}.Release|Windows-ARM.Build.0 = Release|Any CPU
		{CF8AE293-88AB-436C-9720-A8386BA5D7B7}.Release|Windows-x64.ActiveCfg = Release|Any CPU
		{CF8AE293-88AB-436C-9720-A8386BA5D7B7}.Release|Windows-x64.Build.0 = Release|Any CPU
		{CF8AE293-88AB-436C-9720-A8386BA5D7B7}.Release|Windows-x86.ActiveCfg = Release|Any CPU
		{CF8AE293-88AB-436C-9720-A8386BA5D7B7}.Release|Windows-x86.Build.0 = Release|Any CPU
		{AD556B7A-E0D1-41BD-9D5B-18F8502E9F33}.Debug|Android.ActiveCfg = Debug|Any CPU
		{AD556B7A-E0D1-41BD-9D5B-18F8502E9F33}.Debug|Android.Build.0 = Debug|Any CPU
		{AD556B7A-E0D1-41BD-9D5B-18F8502E9F33}.Debug|Any CPU.ActiveCfg = Debug|Any CPU
		{AD556B7A-E0D1-41BD-9D5B-18F8502E9F33}.Debug|Any CPU.Build.0 = Debug|Any CPU
		{AD556B7A-E0D1-41BD-9D5B-18F8502E9F33}.Debug|iOS.ActiveCfg = Debug|Any CPU
		{AD556B7A-E0D1-41BD-9D5B-18F8502E9F33}.Debug|iOS.Build.0 = Debug|Any CPU
		{AD556B7A-E0D1-41BD-9D5B-18F8502E9F33}.Debug|Windows-ARM.ActiveCfg = Debug|Any CPU
		{AD556B7A-E0D1-41BD-9D5B-18F8502E9F33}.Debug|Windows-ARM.Build.0 = Debug|Any CPU
		{AD556B7A-E0D1-41BD-9D5B-18F8502E9F33}.Debug|Windows-x64.ActiveCfg = Debug|Any CPU
		{AD556B7A-E0D1-41BD-9D5B-18F8502E9F33}.Debug|Windows-x64.Build.0 = Debug|Any CPU
		{AD556B7A-E0D1-41BD-9D5B-18F8502E9F33}.Debug|Windows-x86.ActiveCfg = Debug|Any CPU
		{AD556B7A-E0D1-41BD-9D5B-18F8502E9F33}.Debug|Windows-x86.Build.0 = Debug|Any CPU
		{AD556B7A-E0D1-41BD-9D5B-18F8502E9F33}.Release|Android.ActiveCfg = Release|Any CPU
		{AD556B7A-E0D1-41BD-9D5B-18F8502E9F33}.Release|Android.Build.0 = Release|Any CPU
		{AD556B7A-E0D1-41BD-9D5B-18F8502E9F33}.Release|Any CPU.ActiveCfg = Release|Any CPU
		{AD556B7A-E0D1-41BD-9D5B-18F8502E9F33}.Release|Any CPU.Build.0 = Release|Any CPU
		{AD556B7A-E0D1-41BD-9D5B-18F8502E9F33}.Release|iOS.ActiveCfg = Release|Any CPU
		{AD556B7A-E0D1-41BD-9D5B-18F8502E9F33}.Release|iOS.Build.0 = Release|Any CPU
		{AD556B7A-E0D1-41BD-9D5B-18F8502E9F33}.Release|Windows-ARM.ActiveCfg = Release|Any CPU
		{AD556B7A-E0D1-41BD-9D5B-18F8502E9F33}.Release|Windows-ARM.Build.0 = Release|Any CPU
		{AD556B7A-E0D1-41BD-9D5B-18F8502E9F33}.Release|Windows-x64.ActiveCfg = Release|Any CPU
		{AD556B7A-E0D1-41BD-9D5B-18F8502E9F33}.Release|Windows-x64.Build.0 = Release|Any CPU
		{AD556B7A-E0D1-41BD-9D5B-18F8502E9F33}.Release|Windows-x86.ActiveCfg = Release|Any CPU
		{AD556B7A-E0D1-41BD-9D5B-18F8502E9F33}.Release|Windows-x86.Build.0 = Release|Any CPU
		{81C03609-AE0D-414C-829B-16B990487ADD}.Debug|Android.ActiveCfg = Debug|Any CPU
		{81C03609-AE0D-414C-829B-16B990487ADD}.Debug|Android.Build.0 = Debug|Any CPU
		{81C03609-AE0D-414C-829B-16B990487ADD}.Debug|Any CPU.ActiveCfg = Debug|Any CPU
		{81C03609-AE0D-414C-829B-16B990487ADD}.Debug|Any CPU.Build.0 = Debug|Any CPU
		{81C03609-AE0D-414C-829B-16B990487ADD}.Debug|iOS.ActiveCfg = Debug|Any CPU
		{81C03609-AE0D-414C-829B-16B990487ADD}.Debug|iOS.Build.0 = Debug|Any CPU
		{81C03609-AE0D-414C-829B-16B990487ADD}.Debug|Windows-ARM.ActiveCfg = Debug|Any CPU
		{81C03609-AE0D-414C-829B-16B990487ADD}.Debug|Windows-ARM.Build.0 = Debug|Any CPU
		{81C03609-AE0D-414C-829B-16B990487ADD}.Debug|Windows-x64.ActiveCfg = Debug|Any CPU
		{81C03609-AE0D-414C-829B-16B990487ADD}.Debug|Windows-x64.Build.0 = Debug|Any CPU
		{81C03609-AE0D-414C-829B-16B990487ADD}.Debug|Windows-x86.ActiveCfg = Debug|Any CPU
		{81C03609-AE0D-414C-829B-16B990487ADD}.Debug|Windows-x86.Build.0 = Debug|Any CPU
		{81C03609-AE0D-414C-829B-16B990487ADD}.Release|Android.ActiveCfg = Release|Any CPU
		{81C03609-AE0D-414C-829B-16B990487ADD}.Release|Android.Build.0 = Release|Any CPU
		{81C03609-AE0D-414C-829B-16B990487ADD}.Release|Any CPU.ActiveCfg = Release|Any CPU
		{81C03609-AE0D-414C-829B-16B990487ADD}.Release|Any CPU.Build.0 = Release|Any CPU
		{81C03609-AE0D-414C-829B-16B990487ADD}.Release|iOS.ActiveCfg = Release|Any CPU
		{81C03609-AE0D-414C-829B-16B990487ADD}.Release|iOS.Build.0 = Release|Any CPU
		{81C03609-AE0D-414C-829B-16B990487ADD}.Release|Windows-ARM.ActiveCfg = Release|Any CPU
		{81C03609-AE0D-414C-829B-16B990487ADD}.Release|Windows-ARM.Build.0 = Release|Any CPU
		{81C03609-AE0D-414C-829B-16B990487ADD}.Release|Windows-x64.ActiveCfg = Release|Any CPU
		{81C03609-AE0D-414C-829B-16B990487ADD}.Release|Windows-x64.Build.0 = Release|Any CPU
		{81C03609-AE0D-414C-829B-16B990487ADD}.Release|Windows-x86.ActiveCfg = Release|Any CPU
		{81C03609-AE0D-414C-829B-16B990487ADD}.Release|Windows-x86.Build.0 = Release|Any CPU
		{13808645-2013-4896-8EE2-65144E222C69}.Debug|Android.ActiveCfg = Debug|Any CPU
		{13808645-2013-4896-8EE2-65144E222C69}.Debug|Android.Build.0 = Debug|Any CPU
		{13808645-2013-4896-8EE2-65144E222C69}.Debug|Any CPU.ActiveCfg = Debug|Any CPU
		{13808645-2013-4896-8EE2-65144E222C69}.Debug|Any CPU.Build.0 = Debug|Any CPU
		{13808645-2013-4896-8EE2-65144E222C69}.Debug|iOS.ActiveCfg = Debug|Any CPU
		{13808645-2013-4896-8EE2-65144E222C69}.Debug|iOS.Build.0 = Debug|Any CPU
		{13808645-2013-4896-8EE2-65144E222C69}.Debug|Windows-ARM.ActiveCfg = Debug|Any CPU
		{13808645-2013-4896-8EE2-65144E222C69}.Debug|Windows-ARM.Build.0 = Debug|Any CPU
		{13808645-2013-4896-8EE2-65144E222C69}.Debug|Windows-x64.ActiveCfg = Debug|Any CPU
		{13808645-2013-4896-8EE2-65144E222C69}.Debug|Windows-x64.Build.0 = Debug|Any CPU
		{13808645-2013-4896-8EE2-65144E222C69}.Debug|Windows-x86.ActiveCfg = Debug|Any CPU
		{13808645-2013-4896-8EE2-65144E222C69}.Debug|Windows-x86.Build.0 = Debug|Any CPU
		{13808645-2013-4896-8EE2-65144E222C69}.Release|Android.ActiveCfg = Release|Any CPU
		{13808645-2013-4896-8EE2-65144E222C69}.Release|Android.Build.0 = Release|Any CPU
		{13808645-2013-4896-8EE2-65144E222C69}.Release|Any CPU.ActiveCfg = Release|Any CPU
		{13808645-2013-4896-8EE2-65144E222C69}.Release|Any CPU.Build.0 = Release|Any CPU
		{13808645-2013-4896-8EE2-65144E222C69}.Release|iOS.ActiveCfg = Release|Any CPU
		{13808645-2013-4896-8EE2-65144E222C69}.Release|iOS.Build.0 = Release|Any CPU
		{13808645-2013-4896-8EE2-65144E222C69}.Release|Windows-ARM.ActiveCfg = Release|Any CPU
		{13808645-2013-4896-8EE2-65144E222C69}.Release|Windows-ARM.Build.0 = Release|Any CPU
		{13808645-2013-4896-8EE2-65144E222C69}.Release|Windows-x64.ActiveCfg = Release|Any CPU
		{13808645-2013-4896-8EE2-65144E222C69}.Release|Windows-x64.Build.0 = Release|Any CPU
		{13808645-2013-4896-8EE2-65144E222C69}.Release|Windows-x86.ActiveCfg = Release|Any CPU
		{13808645-2013-4896-8EE2-65144E222C69}.Release|Windows-x86.Build.0 = Release|Any CPU
		{68902FCF-C439-4010-B17B-2499C972EE33}.Debug|Android.ActiveCfg = Debug|Any CPU
		{68902FCF-C439-4010-B17B-2499C972EE33}.Debug|Android.Build.0 = Debug|Any CPU
		{68902FCF-C439-4010-B17B-2499C972EE33}.Debug|Any CPU.ActiveCfg = Debug|Any CPU
		{68902FCF-C439-4010-B17B-2499C972EE33}.Debug|Any CPU.Build.0 = Debug|Any CPU
		{68902FCF-C439-4010-B17B-2499C972EE33}.Debug|iOS.ActiveCfg = Debug|Any CPU
		{68902FCF-C439-4010-B17B-2499C972EE33}.Debug|iOS.Build.0 = Debug|Any CPU
		{68902FCF-C439-4010-B17B-2499C972EE33}.Debug|Windows-ARM.ActiveCfg = Debug|Any CPU
		{68902FCF-C439-4010-B17B-2499C972EE33}.Debug|Windows-ARM.Build.0 = Debug|Any CPU
		{68902FCF-C439-4010-B17B-2499C972EE33}.Debug|Windows-x64.ActiveCfg = Debug|Any CPU
		{68902FCF-C439-4010-B17B-2499C972EE33}.Debug|Windows-x64.Build.0 = Debug|Any CPU
		{68902FCF-C439-4010-B17B-2499C972EE33}.Debug|Windows-x86.ActiveCfg = Debug|Any CPU
		{68902FCF-C439-4010-B17B-2499C972EE33}.Debug|Windows-x86.Build.0 = Debug|Any CPU
		{68902FCF-C439-4010-B17B-2499C972EE33}.Release|Android.ActiveCfg = Release|Any CPU
		{68902FCF-C439-4010-B17B-2499C972EE33}.Release|Android.Build.0 = Release|Any CPU
		{68902FCF-C439-4010-B17B-2499C972EE33}.Release|Any CPU.ActiveCfg = Release|Any CPU
		{68902FCF-C439-4010-B17B-2499C972EE33}.Release|Any CPU.Build.0 = Release|Any CPU
		{68902FCF-C439-4010-B17B-2499C972EE33}.Release|iOS.ActiveCfg = Release|Any CPU
		{68902FCF-C439-4010-B17B-2499C972EE33}.Release|iOS.Build.0 = Release|Any CPU
		{68902FCF-C439-4010-B17B-2499C972EE33}.Release|Windows-ARM.ActiveCfg = Release|Any CPU
		{68902FCF-C439-4010-B17B-2499C972EE33}.Release|Windows-ARM.Build.0 = Release|Any CPU
		{68902FCF-C439-4010-B17B-2499C972EE33}.Release|Windows-x64.ActiveCfg = Release|Any CPU
		{68902FCF-C439-4010-B17B-2499C972EE33}.Release|Windows-x64.Build.0 = Release|Any CPU
		{68902FCF-C439-4010-B17B-2499C972EE33}.Release|Windows-x86.ActiveCfg = Release|Any CPU
		{68902FCF-C439-4010-B17B-2499C972EE33}.Release|Windows-x86.Build.0 = Release|Any CPU
		{975F2CB8-605C-4ADD-B365-B97BF844F0FE}.Debug|Android.ActiveCfg = Debug|Any CPU
		{975F2CB8-605C-4ADD-B365-B97BF844F0FE}.Debug|Android.Build.0 = Debug|Any CPU
		{975F2CB8-605C-4ADD-B365-B97BF844F0FE}.Debug|Any CPU.ActiveCfg = Debug|Any CPU
		{975F2CB8-605C-4ADD-B365-B97BF844F0FE}.Debug|Any CPU.Build.0 = Debug|Any CPU
		{975F2CB8-605C-4ADD-B365-B97BF844F0FE}.Debug|iOS.ActiveCfg = Debug|Any CPU
		{975F2CB8-605C-4ADD-B365-B97BF844F0FE}.Debug|iOS.Build.0 = Debug|Any CPU
		{975F2CB8-605C-4ADD-B365-B97BF844F0FE}.Debug|Windows-ARM.ActiveCfg = Debug|Any CPU
		{975F2CB8-605C-4ADD-B365-B97BF844F0FE}.Debug|Windows-ARM.Build.0 = Debug|Any CPU
		{975F2CB8-605C-4ADD-B365-B97BF844F0FE}.Debug|Windows-x64.ActiveCfg = Debug|Any CPU
		{975F2CB8-605C-4ADD-B365-B97BF844F0FE}.Debug|Windows-x64.Build.0 = Debug|Any CPU
		{975F2CB8-605C-4ADD-B365-B97BF844F0FE}.Debug|Windows-x86.ActiveCfg = Debug|Any CPU
		{975F2CB8-605C-4ADD-B365-B97BF844F0FE}.Debug|Windows-x86.Build.0 = Debug|Any CPU
		{975F2CB8-605C-4ADD-B365-B97BF844F0FE}.Release|Android.ActiveCfg = Release|Any CPU
		{975F2CB8-605C-4ADD-B365-B97BF844F0FE}.Release|Android.Build.0 = Release|Any CPU
		{975F2CB8-605C-4ADD-B365-B97BF844F0FE}.Release|Any CPU.ActiveCfg = Release|Any CPU
		{975F2CB8-605C-4ADD-B365-B97BF844F0FE}.Release|Any CPU.Build.0 = Release|Any CPU
		{975F2CB8-605C-4ADD-B365-B97BF844F0FE}.Release|iOS.ActiveCfg = Release|Any CPU
		{975F2CB8-605C-4ADD-B365-B97BF844F0FE}.Release|iOS.Build.0 = Release|Any CPU
		{975F2CB8-605C-4ADD-B365-B97BF844F0FE}.Release|Windows-ARM.ActiveCfg = Release|Any CPU
		{975F2CB8-605C-4ADD-B365-B97BF844F0FE}.Release|Windows-ARM.Build.0 = Release|Any CPU
		{975F2CB8-605C-4ADD-B365-B97BF844F0FE}.Release|Windows-x64.ActiveCfg = Release|Any CPU
		{975F2CB8-605C-4ADD-B365-B97BF844F0FE}.Release|Windows-x64.Build.0 = Release|Any CPU
		{975F2CB8-605C-4ADD-B365-B97BF844F0FE}.Release|Windows-x86.ActiveCfg = Release|Any CPU
		{975F2CB8-605C-4ADD-B365-B97BF844F0FE}.Release|Windows-x86.Build.0 = Release|Any CPU
		{D27E14DC-B68C-408D-A2E3-FDB38665ECBB}.Debug|Android.ActiveCfg = Debug|Any CPU
		{D27E14DC-B68C-408D-A2E3-FDB38665ECBB}.Debug|Android.Build.0 = Debug|Any CPU
		{D27E14DC-B68C-408D-A2E3-FDB38665ECBB}.Debug|Any CPU.ActiveCfg = Debug|Any CPU
		{D27E14DC-B68C-408D-A2E3-FDB38665ECBB}.Debug|Any CPU.Build.0 = Debug|Any CPU
		{D27E14DC-B68C-408D-A2E3-FDB38665ECBB}.Debug|iOS.ActiveCfg = Debug|Any CPU
		{D27E14DC-B68C-408D-A2E3-FDB38665ECBB}.Debug|iOS.Build.0 = Debug|Any CPU
		{D27E14DC-B68C-408D-A2E3-FDB38665ECBB}.Debug|Windows-ARM.ActiveCfg = Debug|Any CPU
		{D27E14DC-B68C-408D-A2E3-FDB38665ECBB}.Debug|Windows-ARM.Build.0 = Debug|Any CPU
		{D27E14DC-B68C-408D-A2E3-FDB38665ECBB}.Debug|Windows-x64.ActiveCfg = Debug|Any CPU
		{D27E14DC-B68C-408D-A2E3-FDB38665ECBB}.Debug|Windows-x64.Build.0 = Debug|Any CPU
		{D27E14DC-B68C-408D-A2E3-FDB38665ECBB}.Debug|Windows-x86.ActiveCfg = Debug|Any CPU
		{D27E14DC-B68C-408D-A2E3-FDB38665ECBB}.Debug|Windows-x86.Build.0 = Debug|Any CPU
		{D27E14DC-B68C-408D-A2E3-FDB38665ECBB}.Release|Android.ActiveCfg = Release|Any CPU
		{D27E14DC-B68C-408D-A2E3-FDB38665ECBB}.Release|Android.Build.0 = Release|Any CPU
		{D27E14DC-B68C-408D-A2E3-FDB38665ECBB}.Release|Any CPU.ActiveCfg = Release|Any CPU
		{D27E14DC-B68C-408D-A2E3-FDB38665ECBB}.Release|Any CPU.Build.0 = Release|Any CPU
		{D27E14DC-B68C-408D-A2E3-FDB38665ECBB}.Release|iOS.ActiveCfg = Release|Any CPU
		{D27E14DC-B68C-408D-A2E3-FDB38665ECBB}.Release|iOS.Build.0 = Release|Any CPU
		{D27E14DC-B68C-408D-A2E3-FDB38665ECBB}.Release|Windows-ARM.ActiveCfg = Release|Any CPU
		{D27E14DC-B68C-408D-A2E3-FDB38665ECBB}.Release|Windows-ARM.Build.0 = Release|Any CPU
		{D27E14DC-B68C-408D-A2E3-FDB38665ECBB}.Release|Windows-x64.ActiveCfg = Release|Any CPU
		{D27E14DC-B68C-408D-A2E3-FDB38665ECBB}.Release|Windows-x64.Build.0 = Release|Any CPU
		{D27E14DC-B68C-408D-A2E3-FDB38665ECBB}.Release|Windows-x86.ActiveCfg = Release|Any CPU
		{D27E14DC-B68C-408D-A2E3-FDB38665ECBB}.Release|Windows-x86.Build.0 = Release|Any CPU
		{C329F9E1-4327-4769-9D08-07E6FEC41005}.Debug|Android.ActiveCfg = Debug|Any CPU
		{C329F9E1-4327-4769-9D08-07E6FEC41005}.Debug|Android.Build.0 = Debug|Any CPU
		{C329F9E1-4327-4769-9D08-07E6FEC41005}.Debug|Any CPU.ActiveCfg = Debug|Any CPU
		{C329F9E1-4327-4769-9D08-07E6FEC41005}.Debug|Any CPU.Build.0 = Debug|Any CPU
		{C329F9E1-4327-4769-9D08-07E6FEC41005}.Debug|iOS.ActiveCfg = Debug|Any CPU
		{C329F9E1-4327-4769-9D08-07E6FEC41005}.Debug|iOS.Build.0 = Debug|Any CPU
		{C329F9E1-4327-4769-9D08-07E6FEC41005}.Debug|Windows-ARM.ActiveCfg = Debug|Any CPU
		{C329F9E1-4327-4769-9D08-07E6FEC41005}.Debug|Windows-ARM.Build.0 = Debug|Any CPU
		{C329F9E1-4327-4769-9D08-07E6FEC41005}.Debug|Windows-x64.ActiveCfg = Debug|Any CPU
		{C329F9E1-4327-4769-9D08-07E6FEC41005}.Debug|Windows-x64.Build.0 = Debug|Any CPU
		{C329F9E1-4327-4769-9D08-07E6FEC41005}.Debug|Windows-x86.ActiveCfg = Debug|Any CPU
		{C329F9E1-4327-4769-9D08-07E6FEC41005}.Debug|Windows-x86.Build.0 = Debug|Any CPU
		{C329F9E1-4327-4769-9D08-07E6FEC41005}.Release|Android.ActiveCfg = Release|Any CPU
		{C329F9E1-4327-4769-9D08-07E6FEC41005}.Release|Android.Build.0 = Release|Any CPU
		{C329F9E1-4327-4769-9D08-07E6FEC41005}.Release|Any CPU.ActiveCfg = Release|Any CPU
		{C329F9E1-4327-4769-9D08-07E6FEC41005}.Release|Any CPU.Build.0 = Release|Any CPU
		{C329F9E1-4327-4769-9D08-07E6FEC41005}.Release|iOS.ActiveCfg = Release|Any CPU
		{C329F9E1-4327-4769-9D08-07E6FEC41005}.Release|iOS.Build.0 = Release|Any CPU
		{C329F9E1-4327-4769-9D08-07E6FEC41005}.Release|Windows-ARM.ActiveCfg = Release|Any CPU
		{C329F9E1-4327-4769-9D08-07E6FEC41005}.Release|Windows-ARM.Build.0 = Release|Any CPU
		{C329F9E1-4327-4769-9D08-07E6FEC41005}.Release|Windows-x64.ActiveCfg = Release|Any CPU
		{C329F9E1-4327-4769-9D08-07E6FEC41005}.Release|Windows-x64.Build.0 = Release|Any CPU
		{C329F9E1-4327-4769-9D08-07E6FEC41005}.Release|Windows-x86.ActiveCfg = Release|Any CPU
		{C329F9E1-4327-4769-9D08-07E6FEC41005}.Release|Windows-x86.Build.0 = Release|Any CPU
		{82069F3A-AB45-4F8B-B2BF-A36B14208F41}.Debug|Android.ActiveCfg = Debug|Any CPU
		{82069F3A-AB45-4F8B-B2BF-A36B14208F41}.Debug|Android.Build.0 = Debug|Any CPU
		{82069F3A-AB45-4F8B-B2BF-A36B14208F41}.Debug|Any CPU.ActiveCfg = Debug|Any CPU
		{82069F3A-AB45-4F8B-B2BF-A36B14208F41}.Debug|Any CPU.Build.0 = Debug|Any CPU
		{82069F3A-AB45-4F8B-B2BF-A36B14208F41}.Debug|iOS.ActiveCfg = Debug|Any CPU
		{82069F3A-AB45-4F8B-B2BF-A36B14208F41}.Debug|iOS.Build.0 = Debug|Any CPU
		{82069F3A-AB45-4F8B-B2BF-A36B14208F41}.Debug|Windows-ARM.ActiveCfg = Debug|Any CPU
		{82069F3A-AB45-4F8B-B2BF-A36B14208F41}.Debug|Windows-ARM.Build.0 = Debug|Any CPU
		{82069F3A-AB45-4F8B-B2BF-A36B14208F41}.Debug|Windows-x64.ActiveCfg = Debug|Any CPU
		{82069F3A-AB45-4F8B-B2BF-A36B14208F41}.Debug|Windows-x64.Build.0 = Debug|Any CPU
		{82069F3A-AB45-4F8B-B2BF-A36B14208F41}.Debug|Windows-x86.ActiveCfg = Debug|Any CPU
		{82069F3A-AB45-4F8B-B2BF-A36B14208F41}.Debug|Windows-x86.Build.0 = Debug|Any CPU
		{82069F3A-AB45-4F8B-B2BF-A36B14208F41}.Release|Android.ActiveCfg = Release|Any CPU
		{82069F3A-AB45-4F8B-B2BF-A36B14208F41}.Release|Android.Build.0 = Release|Any CPU
		{82069F3A-AB45-4F8B-B2BF-A36B14208F41}.Release|Any CPU.ActiveCfg = Release|Any CPU
		{82069F3A-AB45-4F8B-B2BF-A36B14208F41}.Release|Any CPU.Build.0 = Release|Any CPU
		{82069F3A-AB45-4F8B-B2BF-A36B14208F41}.Release|iOS.ActiveCfg = Release|Any CPU
		{82069F3A-AB45-4F8B-B2BF-A36B14208F41}.Release|iOS.Build.0 = Release|Any CPU
		{82069F3A-AB45-4F8B-B2BF-A36B14208F41}.Release|Windows-ARM.ActiveCfg = Release|Any CPU
		{82069F3A-AB45-4F8B-B2BF-A36B14208F41}.Release|Windows-ARM.Build.0 = Release|Any CPU
		{82069F3A-AB45-4F8B-B2BF-A36B14208F41}.Release|Windows-x64.ActiveCfg = Release|Any CPU
		{82069F3A-AB45-4F8B-B2BF-A36B14208F41}.Release|Windows-x64.Build.0 = Release|Any CPU
		{82069F3A-AB45-4F8B-B2BF-A36B14208F41}.Release|Windows-x86.ActiveCfg = Release|Any CPU
		{82069F3A-AB45-4F8B-B2BF-A36B14208F41}.Release|Windows-x86.Build.0 = Release|Any CPU
		{890532F8-5205-4EE9-965C-84500CAD24DE}.Debug|Android.ActiveCfg = Debug|Any CPU
		{890532F8-5205-4EE9-965C-84500CAD24DE}.Debug|Android.Build.0 = Debug|Any CPU
		{890532F8-5205-4EE9-965C-84500CAD24DE}.Debug|Any CPU.ActiveCfg = Debug|Any CPU
		{890532F8-5205-4EE9-965C-84500CAD24DE}.Debug|Any CPU.Build.0 = Debug|Any CPU
		{890532F8-5205-4EE9-965C-84500CAD24DE}.Debug|iOS.ActiveCfg = Debug|Any CPU
		{890532F8-5205-4EE9-965C-84500CAD24DE}.Debug|iOS.Build.0 = Debug|Any CPU
		{890532F8-5205-4EE9-965C-84500CAD24DE}.Debug|Windows-ARM.ActiveCfg = Debug|Any CPU
		{890532F8-5205-4EE9-965C-84500CAD24DE}.Debug|Windows-ARM.Build.0 = Debug|Any CPU
		{890532F8-5205-4EE9-965C-84500CAD24DE}.Debug|Windows-x64.ActiveCfg = Debug|Any CPU
		{890532F8-5205-4EE9-965C-84500CAD24DE}.Debug|Windows-x64.Build.0 = Debug|Any CPU
		{890532F8-5205-4EE9-965C-84500CAD24DE}.Debug|Windows-x86.ActiveCfg = Debug|Any CPU
		{890532F8-5205-4EE9-965C-84500CAD24DE}.Debug|Windows-x86.Build.0 = Debug|Any CPU
		{890532F8-5205-4EE9-965C-84500CAD24DE}.Release|Android.ActiveCfg = Release|Any CPU
		{890532F8-5205-4EE9-965C-84500CAD24DE}.Release|Android.Build.0 = Release|Any CPU
		{890532F8-5205-4EE9-965C-84500CAD24DE}.Release|Any CPU.ActiveCfg = Release|Any CPU
		{890532F8-5205-4EE9-965C-84500CAD24DE}.Release|Any CPU.Build.0 = Release|Any CPU
		{890532F8-5205-4EE9-965C-84500CAD24DE}.Release|iOS.ActiveCfg = Release|Any CPU
		{890532F8-5205-4EE9-965C-84500CAD24DE}.Release|iOS.Build.0 = Release|Any CPU
		{890532F8-5205-4EE9-965C-84500CAD24DE}.Release|Windows-ARM.ActiveCfg = Release|Any CPU
		{890532F8-5205-4EE9-965C-84500CAD24DE}.Release|Windows-ARM.Build.0 = Release|Any CPU
		{890532F8-5205-4EE9-965C-84500CAD24DE}.Release|Windows-x64.ActiveCfg = Release|Any CPU
		{890532F8-5205-4EE9-965C-84500CAD24DE}.Release|Windows-x64.Build.0 = Release|Any CPU
		{890532F8-5205-4EE9-965C-84500CAD24DE}.Release|Windows-x86.ActiveCfg = Release|Any CPU
		{890532F8-5205-4EE9-965C-84500CAD24DE}.Release|Windows-x86.Build.0 = Release|Any CPU
		{7F5E2A6C-C859-494A-8577-75BF9603A80C}.Debug|Android.ActiveCfg = Debug|Any CPU
		{7F5E2A6C-C859-494A-8577-75BF9603A80C}.Debug|Android.Build.0 = Debug|Any CPU
		{7F5E2A6C-C859-494A-8577-75BF9603A80C}.Debug|Any CPU.ActiveCfg = Debug|Any CPU
		{7F5E2A6C-C859-494A-8577-75BF9603A80C}.Debug|Any CPU.Build.0 = Debug|Any CPU
		{7F5E2A6C-C859-494A-8577-75BF9603A80C}.Debug|iOS.ActiveCfg = Debug|Any CPU
		{7F5E2A6C-C859-494A-8577-75BF9603A80C}.Debug|iOS.Build.0 = Debug|Any CPU
		{7F5E2A6C-C859-494A-8577-75BF9603A80C}.Debug|Windows-ARM.ActiveCfg = Debug|Any CPU
		{7F5E2A6C-C859-494A-8577-75BF9603A80C}.Debug|Windows-ARM.Build.0 = Debug|Any CPU
		{7F5E2A6C-C859-494A-8577-75BF9603A80C}.Debug|Windows-x64.ActiveCfg = Debug|Any CPU
		{7F5E2A6C-C859-494A-8577-75BF9603A80C}.Debug|Windows-x64.Build.0 = Debug|Any CPU
		{7F5E2A6C-C859-494A-8577-75BF9603A80C}.Debug|Windows-x86.ActiveCfg = Debug|Any CPU
		{7F5E2A6C-C859-494A-8577-75BF9603A80C}.Debug|Windows-x86.Build.0 = Debug|Any CPU
		{7F5E2A6C-C859-494A-8577-75BF9603A80C}.Release|Android.ActiveCfg = Release|Any CPU
		{7F5E2A6C-C859-494A-8577-75BF9603A80C}.Release|Android.Build.0 = Release|Any CPU
		{7F5E2A6C-C859-494A-8577-75BF9603A80C}.Release|Any CPU.ActiveCfg = Release|Any CPU
		{7F5E2A6C-C859-494A-8577-75BF9603A80C}.Release|Any CPU.Build.0 = Release|Any CPU
		{7F5E2A6C-C859-494A-8577-75BF9603A80C}.Release|iOS.ActiveCfg = Release|Any CPU
		{7F5E2A6C-C859-494A-8577-75BF9603A80C}.Release|iOS.Build.0 = Release|Any CPU
		{7F5E2A6C-C859-494A-8577-75BF9603A80C}.Release|Windows-ARM.ActiveCfg = Release|Any CPU
		{7F5E2A6C-C859-494A-8577-75BF9603A80C}.Release|Windows-ARM.Build.0 = Release|Any CPU
		{7F5E2A6C-C859-494A-8577-75BF9603A80C}.Release|Windows-x64.ActiveCfg = Release|Any CPU
		{7F5E2A6C-C859-494A-8577-75BF9603A80C}.Release|Windows-x64.Build.0 = Release|Any CPU
		{7F5E2A6C-C859-494A-8577-75BF9603A80C}.Release|Windows-x86.ActiveCfg = Release|Any CPU
		{7F5E2A6C-C859-494A-8577-75BF9603A80C}.Release|Windows-x86.Build.0 = Release|Any CPU
		{79F8E2F1-08E7-4336-93E0-512B39F9DD54}.Debug|Android.ActiveCfg = Debug|Any CPU
		{79F8E2F1-08E7-4336-93E0-512B39F9DD54}.Debug|Android.Build.0 = Debug|Any CPU
		{79F8E2F1-08E7-4336-93E0-512B39F9DD54}.Debug|Any CPU.ActiveCfg = Debug|Any CPU
		{79F8E2F1-08E7-4336-93E0-512B39F9DD54}.Debug|Any CPU.Build.0 = Debug|Any CPU
		{79F8E2F1-08E7-4336-93E0-512B39F9DD54}.Debug|iOS.ActiveCfg = Debug|Any CPU
		{79F8E2F1-08E7-4336-93E0-512B39F9DD54}.Debug|iOS.Build.0 = Debug|Any CPU
		{79F8E2F1-08E7-4336-93E0-512B39F9DD54}.Debug|Windows-ARM.ActiveCfg = Debug|Any CPU
		{79F8E2F1-08E7-4336-93E0-512B39F9DD54}.Debug|Windows-ARM.Build.0 = Debug|Any CPU
		{79F8E2F1-08E7-4336-93E0-512B39F9DD54}.Debug|Windows-x64.ActiveCfg = Debug|Any CPU
		{79F8E2F1-08E7-4336-93E0-512B39F9DD54}.Debug|Windows-x64.Build.0 = Debug|Any CPU
		{79F8E2F1-08E7-4336-93E0-512B39F9DD54}.Debug|Windows-x86.ActiveCfg = Debug|Any CPU
		{79F8E2F1-08E7-4336-93E0-512B39F9DD54}.Debug|Windows-x86.Build.0 = Debug|Any CPU
		{79F8E2F1-08E7-4336-93E0-512B39F9DD54}.Release|Android.ActiveCfg = Release|Any CPU
		{79F8E2F1-08E7-4336-93E0-512B39F9DD54}.Release|Android.Build.0 = Release|Any CPU
		{79F8E2F1-08E7-4336-93E0-512B39F9DD54}.Release|Any CPU.ActiveCfg = Release|Any CPU
		{79F8E2F1-08E7-4336-93E0-512B39F9DD54}.Release|Any CPU.Build.0 = Release|Any CPU
		{79F8E2F1-08E7-4336-93E0-512B39F9DD54}.Release|iOS.ActiveCfg = Release|Any CPU
		{79F8E2F1-08E7-4336-93E0-512B39F9DD54}.Release|iOS.Build.0 = Release|Any CPU
		{79F8E2F1-08E7-4336-93E0-512B39F9DD54}.Release|Windows-ARM.ActiveCfg = Release|Any CPU
		{79F8E2F1-08E7-4336-93E0-512B39F9DD54}.Release|Windows-ARM.Build.0 = Release|Any CPU
		{79F8E2F1-08E7-4336-93E0-512B39F9DD54}.Release|Windows-x64.ActiveCfg = Release|Any CPU
		{79F8E2F1-08E7-4336-93E0-512B39F9DD54}.Release|Windows-x64.Build.0 = Release|Any CPU
		{79F8E2F1-08E7-4336-93E0-512B39F9DD54}.Release|Windows-x86.ActiveCfg = Release|Any CPU
		{79F8E2F1-08E7-4336-93E0-512B39F9DD54}.Release|Windows-x86.Build.0 = Release|Any CPU
		{36FA9414-767E-4806-9E45-2075216B1070}.Debug|Android.ActiveCfg = Debug|Any CPU
		{36FA9414-767E-4806-9E45-2075216B1070}.Debug|Android.Build.0 = Debug|Any CPU
		{36FA9414-767E-4806-9E45-2075216B1070}.Debug|Any CPU.ActiveCfg = Debug|Any CPU
		{36FA9414-767E-4806-9E45-2075216B1070}.Debug|Any CPU.Build.0 = Debug|Any CPU
		{36FA9414-767E-4806-9E45-2075216B1070}.Debug|iOS.ActiveCfg = Debug|Any CPU
		{36FA9414-767E-4806-9E45-2075216B1070}.Debug|iOS.Build.0 = Debug|Any CPU
		{36FA9414-767E-4806-9E45-2075216B1070}.Debug|Windows-ARM.ActiveCfg = Debug|Any CPU
		{36FA9414-767E-4806-9E45-2075216B1070}.Debug|Windows-ARM.Build.0 = Debug|Any CPU
		{36FA9414-767E-4806-9E45-2075216B1070}.Debug|Windows-x64.ActiveCfg = Debug|Any CPU
		{36FA9414-767E-4806-9E45-2075216B1070}.Debug|Windows-x64.Build.0 = Debug|Any CPU
		{36FA9414-767E-4806-9E45-2075216B1070}.Debug|Windows-x86.ActiveCfg = Debug|Any CPU
		{36FA9414-767E-4806-9E45-2075216B1070}.Debug|Windows-x86.Build.0 = Debug|Any CPU
		{36FA9414-767E-4806-9E45-2075216B1070}.Release|Android.ActiveCfg = Release|Any CPU
		{36FA9414-767E-4806-9E45-2075216B1070}.Release|Android.Build.0 = Release|Any CPU
		{36FA9414-767E-4806-9E45-2075216B1070}.Release|Any CPU.ActiveCfg = Release|Any CPU
		{36FA9414-767E-4806-9E45-2075216B1070}.Release|Any CPU.Build.0 = Release|Any CPU
		{36FA9414-767E-4806-9E45-2075216B1070}.Release|iOS.ActiveCfg = Release|Any CPU
		{36FA9414-767E-4806-9E45-2075216B1070}.Release|iOS.Build.0 = Release|Any CPU
		{36FA9414-767E-4806-9E45-2075216B1070}.Release|Windows-ARM.ActiveCfg = Release|Any CPU
		{36FA9414-767E-4806-9E45-2075216B1070}.Release|Windows-ARM.Build.0 = Release|Any CPU
		{36FA9414-767E-4806-9E45-2075216B1070}.Release|Windows-x64.ActiveCfg = Release|Any CPU
		{36FA9414-767E-4806-9E45-2075216B1070}.Release|Windows-x64.Build.0 = Release|Any CPU
		{36FA9414-767E-4806-9E45-2075216B1070}.Release|Windows-x86.ActiveCfg = Release|Any CPU
		{36FA9414-767E-4806-9E45-2075216B1070}.Release|Windows-x86.Build.0 = Release|Any CPU
		{FE4CB79E-7F98-4683-BC4A-5173A5BC5636}.Debug|Android.ActiveCfg = Debug|Any CPU
		{FE4CB79E-7F98-4683-BC4A-5173A5BC5636}.Debug|Android.Build.0 = Debug|Any CPU
		{FE4CB79E-7F98-4683-BC4A-5173A5BC5636}.Debug|Any CPU.ActiveCfg = Debug|Any CPU
		{FE4CB79E-7F98-4683-BC4A-5173A5BC5636}.Debug|Any CPU.Build.0 = Debug|Any CPU
		{FE4CB79E-7F98-4683-BC4A-5173A5BC5636}.Debug|iOS.ActiveCfg = Debug|Any CPU
		{FE4CB79E-7F98-4683-BC4A-5173A5BC5636}.Debug|iOS.Build.0 = Debug|Any CPU
		{FE4CB79E-7F98-4683-BC4A-5173A5BC5636}.Debug|Windows-ARM.ActiveCfg = Debug|Any CPU
		{FE4CB79E-7F98-4683-BC4A-5173A5BC5636}.Debug|Windows-ARM.Build.0 = Debug|Any CPU
		{FE4CB79E-7F98-4683-BC4A-5173A5BC5636}.Debug|Windows-x64.ActiveCfg = Debug|Any CPU
		{FE4CB79E-7F98-4683-BC4A-5173A5BC5636}.Debug|Windows-x64.Build.0 = Debug|Any CPU
		{FE4CB79E-7F98-4683-BC4A-5173A5BC5636}.Debug|Windows-x86.ActiveCfg = Debug|Any CPU
		{FE4CB79E-7F98-4683-BC4A-5173A5BC5636}.Debug|Windows-x86.Build.0 = Debug|Any CPU
		{FE4CB79E-7F98-4683-BC4A-5173A5BC5636}.Release|Android.ActiveCfg = Release|Any CPU
		{FE4CB79E-7F98-4683-BC4A-5173A5BC5636}.Release|Android.Build.0 = Release|Any CPU
		{FE4CB79E-7F98-4683-BC4A-5173A5BC5636}.Release|Any CPU.ActiveCfg = Release|Any CPU
		{FE4CB79E-7F98-4683-BC4A-5173A5BC5636}.Release|Any CPU.Build.0 = Release|Any CPU
		{FE4CB79E-7F98-4683-BC4A-5173A5BC5636}.Release|iOS.ActiveCfg = Release|Any CPU
		{FE4CB79E-7F98-4683-BC4A-5173A5BC5636}.Release|iOS.Build.0 = Release|Any CPU
		{FE4CB79E-7F98-4683-BC4A-5173A5BC5636}.Release|Windows-ARM.ActiveCfg = Release|Any CPU
		{FE4CB79E-7F98-4683-BC4A-5173A5BC5636}.Release|Windows-ARM.Build.0 = Release|Any CPU
		{FE4CB79E-7F98-4683-BC4A-5173A5BC5636}.Release|Windows-x64.ActiveCfg = Release|Any CPU
		{FE4CB79E-7F98-4683-BC4A-5173A5BC5636}.Release|Windows-x64.Build.0 = Release|Any CPU
		{FE4CB79E-7F98-4683-BC4A-5173A5BC5636}.Release|Windows-x86.ActiveCfg = Release|Any CPU
		{FE4CB79E-7F98-4683-BC4A-5173A5BC5636}.Release|Windows-x86.Build.0 = Release|Any CPU
		{5F3FDF79-A47E-4782-A090-DD0DC2D5CDC1}.Debug|Android.ActiveCfg = Debug|Any CPU
		{5F3FDF79-A47E-4782-A090-DD0DC2D5CDC1}.Debug|Android.Build.0 = Debug|Any CPU
		{5F3FDF79-A47E-4782-A090-DD0DC2D5CDC1}.Debug|Any CPU.ActiveCfg = Debug|Any CPU
		{5F3FDF79-A47E-4782-A090-DD0DC2D5CDC1}.Debug|Any CPU.Build.0 = Debug|Any CPU
		{5F3FDF79-A47E-4782-A090-DD0DC2D5CDC1}.Debug|iOS.ActiveCfg = Debug|Any CPU
		{5F3FDF79-A47E-4782-A090-DD0DC2D5CDC1}.Debug|iOS.Build.0 = Debug|Any CPU
		{5F3FDF79-A47E-4782-A090-DD0DC2D5CDC1}.Debug|Windows-ARM.ActiveCfg = Debug|Any CPU
		{5F3FDF79-A47E-4782-A090-DD0DC2D5CDC1}.Debug|Windows-ARM.Build.0 = Debug|Any CPU
		{5F3FDF79-A47E-4782-A090-DD0DC2D5CDC1}.Debug|Windows-x64.ActiveCfg = Debug|Any CPU
		{5F3FDF79-A47E-4782-A090-DD0DC2D5CDC1}.Debug|Windows-x64.Build.0 = Debug|Any CPU
		{5F3FDF79-A47E-4782-A090-DD0DC2D5CDC1}.Debug|Windows-x86.ActiveCfg = Debug|Any CPU
		{5F3FDF79-A47E-4782-A090-DD0DC2D5CDC1}.Debug|Windows-x86.Build.0 = Debug|Any CPU
		{5F3FDF79-A47E-4782-A090-DD0DC2D5CDC1}.Release|Android.ActiveCfg = Release|Any CPU
		{5F3FDF79-A47E-4782-A090-DD0DC2D5CDC1}.Release|Android.Build.0 = Release|Any CPU
		{5F3FDF79-A47E-4782-A090-DD0DC2D5CDC1}.Release|Any CPU.ActiveCfg = Release|Any CPU
		{5F3FDF79-A47E-4782-A090-DD0DC2D5CDC1}.Release|Any CPU.Build.0 = Release|Any CPU
		{5F3FDF79-A47E-4782-A090-DD0DC2D5CDC1}.Release|iOS.ActiveCfg = Release|Any CPU
		{5F3FDF79-A47E-4782-A090-DD0DC2D5CDC1}.Release|iOS.Build.0 = Release|Any CPU
		{5F3FDF79-A47E-4782-A090-DD0DC2D5CDC1}.Release|Windows-ARM.ActiveCfg = Release|Any CPU
		{5F3FDF79-A47E-4782-A090-DD0DC2D5CDC1}.Release|Windows-ARM.Build.0 = Release|Any CPU
		{5F3FDF79-A47E-4782-A090-DD0DC2D5CDC1}.Release|Windows-x64.ActiveCfg = Release|Any CPU
		{5F3FDF79-A47E-4782-A090-DD0DC2D5CDC1}.Release|Windows-x64.Build.0 = Release|Any CPU
		{5F3FDF79-A47E-4782-A090-DD0DC2D5CDC1}.Release|Windows-x86.ActiveCfg = Release|Any CPU
		{5F3FDF79-A47E-4782-A090-DD0DC2D5CDC1}.Release|Windows-x86.Build.0 = Release|Any CPU
		{10BAA80B-16F5-4514-902D-F9F7FA608BDD}.Debug|Android.ActiveCfg = Debug|Any CPU
		{10BAA80B-16F5-4514-902D-F9F7FA608BDD}.Debug|Android.Build.0 = Debug|Any CPU
		{10BAA80B-16F5-4514-902D-F9F7FA608BDD}.Debug|Any CPU.ActiveCfg = Debug|Any CPU
		{10BAA80B-16F5-4514-902D-F9F7FA608BDD}.Debug|Any CPU.Build.0 = Debug|Any CPU
		{10BAA80B-16F5-4514-902D-F9F7FA608BDD}.Debug|iOS.ActiveCfg = Debug|Any CPU
		{10BAA80B-16F5-4514-902D-F9F7FA608BDD}.Debug|iOS.Build.0 = Debug|Any CPU
		{10BAA80B-16F5-4514-902D-F9F7FA608BDD}.Debug|Windows-ARM.ActiveCfg = Debug|Any CPU
		{10BAA80B-16F5-4514-902D-F9F7FA608BDD}.Debug|Windows-ARM.Build.0 = Debug|Any CPU
		{10BAA80B-16F5-4514-902D-F9F7FA608BDD}.Debug|Windows-x64.ActiveCfg = Debug|Any CPU
		{10BAA80B-16F5-4514-902D-F9F7FA608BDD}.Debug|Windows-x64.Build.0 = Debug|Any CPU
		{10BAA80B-16F5-4514-902D-F9F7FA608BDD}.Debug|Windows-x86.ActiveCfg = Debug|Any CPU
		{10BAA80B-16F5-4514-902D-F9F7FA608BDD}.Debug|Windows-x86.Build.0 = Debug|Any CPU
		{10BAA80B-16F5-4514-902D-F9F7FA608BDD}.Release|Android.ActiveCfg = Release|Any CPU
		{10BAA80B-16F5-4514-902D-F9F7FA608BDD}.Release|Android.Build.0 = Release|Any CPU
		{10BAA80B-16F5-4514-902D-F9F7FA608BDD}.Release|Any CPU.ActiveCfg = Release|Any CPU
		{10BAA80B-16F5-4514-902D-F9F7FA608BDD}.Release|Any CPU.Build.0 = Release|Any CPU
		{10BAA80B-16F5-4514-902D-F9F7FA608BDD}.Release|iOS.ActiveCfg = Release|Any CPU
		{10BAA80B-16F5-4514-902D-F9F7FA608BDD}.Release|iOS.Build.0 = Release|Any CPU
		{10BAA80B-16F5-4514-902D-F9F7FA608BDD}.Release|Windows-ARM.ActiveCfg = Release|Any CPU
		{10BAA80B-16F5-4514-902D-F9F7FA608BDD}.Release|Windows-ARM.Build.0 = Release|Any CPU
		{10BAA80B-16F5-4514-902D-F9F7FA608BDD}.Release|Windows-x64.ActiveCfg = Release|Any CPU
		{10BAA80B-16F5-4514-902D-F9F7FA608BDD}.Release|Windows-x64.Build.0 = Release|Any CPU
		{10BAA80B-16F5-4514-902D-F9F7FA608BDD}.Release|Windows-x86.ActiveCfg = Release|Any CPU
		{10BAA80B-16F5-4514-902D-F9F7FA608BDD}.Release|Windows-x86.Build.0 = Release|Any CPU
		{FA8E854B-F41C-4554-A97E-8D6E076E3117}.Debug|Android.ActiveCfg = Debug|Any CPU
		{FA8E854B-F41C-4554-A97E-8D6E076E3117}.Debug|Android.Build.0 = Debug|Any CPU
		{FA8E854B-F41C-4554-A97E-8D6E076E3117}.Debug|Any CPU.ActiveCfg = Debug|Any CPU
		{FA8E854B-F41C-4554-A97E-8D6E076E3117}.Debug|Any CPU.Build.0 = Debug|Any CPU
		{FA8E854B-F41C-4554-A97E-8D6E076E3117}.Debug|iOS.ActiveCfg = Debug|Any CPU
		{FA8E854B-F41C-4554-A97E-8D6E076E3117}.Debug|iOS.Build.0 = Debug|Any CPU
		{FA8E854B-F41C-4554-A97E-8D6E076E3117}.Debug|Windows-ARM.ActiveCfg = Debug|Any CPU
		{FA8E854B-F41C-4554-A97E-8D6E076E3117}.Debug|Windows-ARM.Build.0 = Debug|Any CPU
		{FA8E854B-F41C-4554-A97E-8D6E076E3117}.Debug|Windows-x64.ActiveCfg = Debug|Any CPU
		{FA8E854B-F41C-4554-A97E-8D6E076E3117}.Debug|Windows-x64.Build.0 = Debug|Any CPU
		{FA8E854B-F41C-4554-A97E-8D6E076E3117}.Debug|Windows-x86.ActiveCfg = Debug|Any CPU
		{FA8E854B-F41C-4554-A97E-8D6E076E3117}.Debug|Windows-x86.Build.0 = Debug|Any CPU
		{FA8E854B-F41C-4554-A97E-8D6E076E3117}.Release|Android.ActiveCfg = Release|Any CPU
		{FA8E854B-F41C-4554-A97E-8D6E076E3117}.Release|Android.Build.0 = Release|Any CPU
		{FA8E854B-F41C-4554-A97E-8D6E076E3117}.Release|Any CPU.ActiveCfg = Release|Any CPU
		{FA8E854B-F41C-4554-A97E-8D6E076E3117}.Release|Any CPU.Build.0 = Release|Any CPU
		{FA8E854B-F41C-4554-A97E-8D6E076E3117}.Release|iOS.ActiveCfg = Release|Any CPU
		{FA8E854B-F41C-4554-A97E-8D6E076E3117}.Release|iOS.Build.0 = Release|Any CPU
		{FA8E854B-F41C-4554-A97E-8D6E076E3117}.Release|Windows-ARM.ActiveCfg = Release|Any CPU
		{FA8E854B-F41C-4554-A97E-8D6E076E3117}.Release|Windows-ARM.Build.0 = Release|Any CPU
		{FA8E854B-F41C-4554-A97E-8D6E076E3117}.Release|Windows-x64.ActiveCfg = Release|Any CPU
		{FA8E854B-F41C-4554-A97E-8D6E076E3117}.Release|Windows-x64.Build.0 = Release|Any CPU
		{FA8E854B-F41C-4554-A97E-8D6E076E3117}.Release|Windows-x86.ActiveCfg = Release|Any CPU
		{FA8E854B-F41C-4554-A97E-8D6E076E3117}.Release|Windows-x86.Build.0 = Release|Any CPU
		{2EA7744F-7317-454A-8250-AF06C37949A7}.Debug|Android.ActiveCfg = Debug|Any CPU
		{2EA7744F-7317-454A-8250-AF06C37949A7}.Debug|Android.Build.0 = Debug|Any CPU
		{2EA7744F-7317-454A-8250-AF06C37949A7}.Debug|Any CPU.ActiveCfg = Debug|Any CPU
		{2EA7744F-7317-454A-8250-AF06C37949A7}.Debug|Any CPU.Build.0 = Debug|Any CPU
		{2EA7744F-7317-454A-8250-AF06C37949A7}.Debug|iOS.ActiveCfg = Debug|Any CPU
		{2EA7744F-7317-454A-8250-AF06C37949A7}.Debug|iOS.Build.0 = Debug|Any CPU
		{2EA7744F-7317-454A-8250-AF06C37949A7}.Debug|Windows-ARM.ActiveCfg = Debug|Any CPU
		{2EA7744F-7317-454A-8250-AF06C37949A7}.Debug|Windows-ARM.Build.0 = Debug|Any CPU
		{2EA7744F-7317-454A-8250-AF06C37949A7}.Debug|Windows-x64.ActiveCfg = Debug|Any CPU
		{2EA7744F-7317-454A-8250-AF06C37949A7}.Debug|Windows-x64.Build.0 = Debug|Any CPU
		{2EA7744F-7317-454A-8250-AF06C37949A7}.Debug|Windows-x86.ActiveCfg = Debug|Any CPU
		{2EA7744F-7317-454A-8250-AF06C37949A7}.Debug|Windows-x86.Build.0 = Debug|Any CPU
		{2EA7744F-7317-454A-8250-AF06C37949A7}.Release|Android.ActiveCfg = Release|Any CPU
		{2EA7744F-7317-454A-8250-AF06C37949A7}.Release|Android.Build.0 = Release|Any CPU
		{2EA7744F-7317-454A-8250-AF06C37949A7}.Release|Any CPU.ActiveCfg = Release|Any CPU
		{2EA7744F-7317-454A-8250-AF06C37949A7}.Release|Any CPU.Build.0 = Release|Any CPU
		{2EA7744F-7317-454A-8250-AF06C37949A7}.Release|iOS.ActiveCfg = Release|Any CPU
		{2EA7744F-7317-454A-8250-AF06C37949A7}.Release|iOS.Build.0 = Release|Any CPU
		{2EA7744F-7317-454A-8250-AF06C37949A7}.Release|Windows-ARM.ActiveCfg = Release|Any CPU
		{2EA7744F-7317-454A-8250-AF06C37949A7}.Release|Windows-ARM.Build.0 = Release|Any CPU
		{2EA7744F-7317-454A-8250-AF06C37949A7}.Release|Windows-x64.ActiveCfg = Release|Any CPU
		{2EA7744F-7317-454A-8250-AF06C37949A7}.Release|Windows-x64.Build.0 = Release|Any CPU
		{2EA7744F-7317-454A-8250-AF06C37949A7}.Release|Windows-x86.ActiveCfg = Release|Any CPU
		{2EA7744F-7317-454A-8250-AF06C37949A7}.Release|Windows-x86.Build.0 = Release|Any CPU
		{9164926B-150A-47D6-B384-A41AA4A7BC5D}.Debug|Android.ActiveCfg = Debug|Any CPU
		{9164926B-150A-47D6-B384-A41AA4A7BC5D}.Debug|Android.Build.0 = Debug|Any CPU
		{9164926B-150A-47D6-B384-A41AA4A7BC5D}.Debug|Any CPU.ActiveCfg = Debug|Any CPU
		{9164926B-150A-47D6-B384-A41AA4A7BC5D}.Debug|Any CPU.Build.0 = Debug|Any CPU
		{9164926B-150A-47D6-B384-A41AA4A7BC5D}.Debug|iOS.ActiveCfg = Debug|Any CPU
		{9164926B-150A-47D6-B384-A41AA4A7BC5D}.Debug|iOS.Build.0 = Debug|Any CPU
		{9164926B-150A-47D6-B384-A41AA4A7BC5D}.Debug|Windows-ARM.ActiveCfg = Debug|Any CPU
		{9164926B-150A-47D6-B384-A41AA4A7BC5D}.Debug|Windows-ARM.Build.0 = Debug|Any CPU
		{9164926B-150A-47D6-B384-A41AA4A7BC5D}.Debug|Windows-x64.ActiveCfg = Debug|Any CPU
		{9164926B-150A-47D6-B384-A41AA4A7BC5D}.Debug|Windows-x64.Build.0 = Debug|Any CPU
		{9164926B-150A-47D6-B384-A41AA4A7BC5D}.Debug|Windows-x86.ActiveCfg = Debug|Any CPU
		{9164926B-150A-47D6-B384-A41AA4A7BC5D}.Debug|Windows-x86.Build.0 = Debug|Any CPU
		{9164926B-150A-47D6-B384-A41AA4A7BC5D}.Release|Android.ActiveCfg = Release|Any CPU
		{9164926B-150A-47D6-B384-A41AA4A7BC5D}.Release|Android.Build.0 = Release|Any CPU
		{9164926B-150A-47D6-B384-A41AA4A7BC5D}.Release|Any CPU.ActiveCfg = Release|Any CPU
		{9164926B-150A-47D6-B384-A41AA4A7BC5D}.Release|Any CPU.Build.0 = Release|Any CPU
		{9164926B-150A-47D6-B384-A41AA4A7BC5D}.Release|iOS.ActiveCfg = Release|Any CPU
		{9164926B-150A-47D6-B384-A41AA4A7BC5D}.Release|iOS.Build.0 = Release|Any CPU
		{9164926B-150A-47D6-B384-A41AA4A7BC5D}.Release|Windows-ARM.ActiveCfg = Release|Any CPU
		{9164926B-150A-47D6-B384-A41AA4A7BC5D}.Release|Windows-ARM.Build.0 = Release|Any CPU
		{9164926B-150A-47D6-B384-A41AA4A7BC5D}.Release|Windows-x64.ActiveCfg = Release|Any CPU
		{9164926B-150A-47D6-B384-A41AA4A7BC5D}.Release|Windows-x64.Build.0 = Release|Any CPU
		{9164926B-150A-47D6-B384-A41AA4A7BC5D}.Release|Windows-x86.ActiveCfg = Release|Any CPU
		{9164926B-150A-47D6-B384-A41AA4A7BC5D}.Release|Windows-x86.Build.0 = Release|Any CPU
		{DB34DFC9-7227-41FA-88AA-832DBF247811}.Debug|Android.ActiveCfg = Debug|Any CPU
		{DB34DFC9-7227-41FA-88AA-832DBF247811}.Debug|Android.Build.0 = Debug|Any CPU
		{DB34DFC9-7227-41FA-88AA-832DBF247811}.Debug|Any CPU.ActiveCfg = Debug|Any CPU
		{DB34DFC9-7227-41FA-88AA-832DBF247811}.Debug|Any CPU.Build.0 = Debug|Any CPU
		{DB34DFC9-7227-41FA-88AA-832DBF247811}.Debug|iOS.ActiveCfg = Debug|Any CPU
		{DB34DFC9-7227-41FA-88AA-832DBF247811}.Debug|iOS.Build.0 = Debug|Any CPU
		{DB34DFC9-7227-41FA-88AA-832DBF247811}.Debug|Windows-ARM.ActiveCfg = Debug|Any CPU
		{DB34DFC9-7227-41FA-88AA-832DBF247811}.Debug|Windows-ARM.Build.0 = Debug|Any CPU
		{DB34DFC9-7227-41FA-88AA-832DBF247811}.Debug|Windows-x64.ActiveCfg = Debug|Any CPU
		{DB34DFC9-7227-41FA-88AA-832DBF247811}.Debug|Windows-x64.Build.0 = Debug|Any CPU
		{DB34DFC9-7227-41FA-88AA-832DBF247811}.Debug|Windows-x86.ActiveCfg = Debug|Any CPU
		{DB34DFC9-7227-41FA-88AA-832DBF247811}.Debug|Windows-x86.Build.0 = Debug|Any CPU
		{DB34DFC9-7227-41FA-88AA-832DBF247811}.Release|Android.ActiveCfg = Release|Any CPU
		{DB34DFC9-7227-41FA-88AA-832DBF247811}.Release|Android.Build.0 = Release|Any CPU
		{DB34DFC9-7227-41FA-88AA-832DBF247811}.Release|Any CPU.ActiveCfg = Release|Any CPU
		{DB34DFC9-7227-41FA-88AA-832DBF247811}.Release|Any CPU.Build.0 = Release|Any CPU
		{DB34DFC9-7227-41FA-88AA-832DBF247811}.Release|iOS.ActiveCfg = Release|Any CPU
		{DB34DFC9-7227-41FA-88AA-832DBF247811}.Release|iOS.Build.0 = Release|Any CPU
		{DB34DFC9-7227-41FA-88AA-832DBF247811}.Release|Windows-ARM.ActiveCfg = Release|Any CPU
		{DB34DFC9-7227-41FA-88AA-832DBF247811}.Release|Windows-ARM.Build.0 = Release|Any CPU
		{DB34DFC9-7227-41FA-88AA-832DBF247811}.Release|Windows-x64.ActiveCfg = Release|Any CPU
		{DB34DFC9-7227-41FA-88AA-832DBF247811}.Release|Windows-x64.Build.0 = Release|Any CPU
		{DB34DFC9-7227-41FA-88AA-832DBF247811}.Release|Windows-x86.ActiveCfg = Release|Any CPU
		{DB34DFC9-7227-41FA-88AA-832DBF247811}.Release|Windows-x86.Build.0 = Release|Any CPU
		{88D8E99D-DF26-4506-83C5-51E354818BEF}.Debug|Android.ActiveCfg = Debug|Any CPU
		{88D8E99D-DF26-4506-83C5-51E354818BEF}.Debug|Android.Build.0 = Debug|Any CPU
		{88D8E99D-DF26-4506-83C5-51E354818BEF}.Debug|Any CPU.ActiveCfg = Debug|Any CPU
		{88D8E99D-DF26-4506-83C5-51E354818BEF}.Debug|Any CPU.Build.0 = Debug|Any CPU
		{88D8E99D-DF26-4506-83C5-51E354818BEF}.Debug|iOS.ActiveCfg = Debug|Any CPU
		{88D8E99D-DF26-4506-83C5-51E354818BEF}.Debug|iOS.Build.0 = Debug|Any CPU
		{88D8E99D-DF26-4506-83C5-51E354818BEF}.Debug|Windows-ARM.ActiveCfg = Debug|Any CPU
		{88D8E99D-DF26-4506-83C5-51E354818BEF}.Debug|Windows-ARM.Build.0 = Debug|Any CPU
		{88D8E99D-DF26-4506-83C5-51E354818BEF}.Debug|Windows-x64.ActiveCfg = Debug|Any CPU
		{88D8E99D-DF26-4506-83C5-51E354818BEF}.Debug|Windows-x64.Build.0 = Debug|Any CPU
		{88D8E99D-DF26-4506-83C5-51E354818BEF}.Debug|Windows-x86.ActiveCfg = Debug|Any CPU
		{88D8E99D-DF26-4506-83C5-51E354818BEF}.Debug|Windows-x86.Build.0 = Debug|Any CPU
		{88D8E99D-DF26-4506-83C5-51E354818BEF}.Release|Android.ActiveCfg = Release|Any CPU
		{88D8E99D-DF26-4506-83C5-51E354818BEF}.Release|Android.Build.0 = Release|Any CPU
		{88D8E99D-DF26-4506-83C5-51E354818BEF}.Release|Any CPU.ActiveCfg = Release|Any CPU
		{88D8E99D-DF26-4506-83C5-51E354818BEF}.Release|Any CPU.Build.0 = Release|Any CPU
		{88D8E99D-DF26-4506-83C5-51E354818BEF}.Release|iOS.ActiveCfg = Release|Any CPU
		{88D8E99D-DF26-4506-83C5-51E354818BEF}.Release|iOS.Build.0 = Release|Any CPU
		{88D8E99D-DF26-4506-83C5-51E354818BEF}.Release|Windows-ARM.ActiveCfg = Release|Any CPU
		{88D8E99D-DF26-4506-83C5-51E354818BEF}.Release|Windows-ARM.Build.0 = Release|Any CPU
		{88D8E99D-DF26-4506-83C5-51E354818BEF}.Release|Windows-x64.ActiveCfg = Release|Any CPU
		{88D8E99D-DF26-4506-83C5-51E354818BEF}.Release|Windows-x64.Build.0 = Release|Any CPU
		{88D8E99D-DF26-4506-83C5-51E354818BEF}.Release|Windows-x86.ActiveCfg = Release|Any CPU
		{88D8E99D-DF26-4506-83C5-51E354818BEF}.Release|Windows-x86.Build.0 = Release|Any CPU
		{886B15B8-7B60-4872-85D1-7F47AC0951EF}.Debug|Android.ActiveCfg = Debug|Any CPU
		{886B15B8-7B60-4872-85D1-7F47AC0951EF}.Debug|Android.Build.0 = Debug|Any CPU
		{886B15B8-7B60-4872-85D1-7F47AC0951EF}.Debug|Any CPU.ActiveCfg = Debug|Any CPU
		{886B15B8-7B60-4872-85D1-7F47AC0951EF}.Debug|Any CPU.Build.0 = Debug|Any CPU
		{886B15B8-7B60-4872-85D1-7F47AC0951EF}.Debug|iOS.ActiveCfg = Debug|Any CPU
		{886B15B8-7B60-4872-85D1-7F47AC0951EF}.Debug|iOS.Build.0 = Debug|Any CPU
		{886B15B8-7B60-4872-85D1-7F47AC0951EF}.Debug|Windows-ARM.ActiveCfg = Debug|Any CPU
		{886B15B8-7B60-4872-85D1-7F47AC0951EF}.Debug|Windows-ARM.Build.0 = Debug|Any CPU
		{886B15B8-7B60-4872-85D1-7F47AC0951EF}.Debug|Windows-x64.ActiveCfg = Debug|Any CPU
		{886B15B8-7B60-4872-85D1-7F47AC0951EF}.Debug|Windows-x64.Build.0 = Debug|Any CPU
		{886B15B8-7B60-4872-85D1-7F47AC0951EF}.Debug|Windows-x86.ActiveCfg = Debug|Any CPU
		{886B15B8-7B60-4872-85D1-7F47AC0951EF}.Debug|Windows-x86.Build.0 = Debug|Any CPU
		{886B15B8-7B60-4872-85D1-7F47AC0951EF}.Release|Android.ActiveCfg = Release|Any CPU
		{886B15B8-7B60-4872-85D1-7F47AC0951EF}.Release|Android.Build.0 = Release|Any CPU
		{886B15B8-7B60-4872-85D1-7F47AC0951EF}.Release|Any CPU.ActiveCfg = Release|Any CPU
		{886B15B8-7B60-4872-85D1-7F47AC0951EF}.Release|Any CPU.Build.0 = Release|Any CPU
		{886B15B8-7B60-4872-85D1-7F47AC0951EF}.Release|iOS.ActiveCfg = Release|Any CPU
		{886B15B8-7B60-4872-85D1-7F47AC0951EF}.Release|iOS.Build.0 = Release|Any CPU
		{886B15B8-7B60-4872-85D1-7F47AC0951EF}.Release|Windows-ARM.ActiveCfg = Release|Any CPU
		{886B15B8-7B60-4872-85D1-7F47AC0951EF}.Release|Windows-ARM.Build.0 = Release|Any CPU
		{886B15B8-7B60-4872-85D1-7F47AC0951EF}.Release|Windows-x64.ActiveCfg = Release|Any CPU
		{886B15B8-7B60-4872-85D1-7F47AC0951EF}.Release|Windows-x64.Build.0 = Release|Any CPU
		{886B15B8-7B60-4872-85D1-7F47AC0951EF}.Release|Windows-x86.ActiveCfg = Release|Any CPU
		{886B15B8-7B60-4872-85D1-7F47AC0951EF}.Release|Windows-x86.Build.0 = Release|Any CPU
		{81E208BC-39B6-4CA3-81F1-C847D47330D1}.Debug|Android.ActiveCfg = Debug|Any CPU
		{81E208BC-39B6-4CA3-81F1-C847D47330D1}.Debug|Android.Build.0 = Debug|Any CPU
		{81E208BC-39B6-4CA3-81F1-C847D47330D1}.Debug|Any CPU.ActiveCfg = Debug|Any CPU
		{81E208BC-39B6-4CA3-81F1-C847D47330D1}.Debug|Any CPU.Build.0 = Debug|Any CPU
		{81E208BC-39B6-4CA3-81F1-C847D47330D1}.Debug|iOS.ActiveCfg = Debug|Any CPU
		{81E208BC-39B6-4CA3-81F1-C847D47330D1}.Debug|iOS.Build.0 = Debug|Any CPU
		{81E208BC-39B6-4CA3-81F1-C847D47330D1}.Debug|Windows-ARM.ActiveCfg = Debug|Any CPU
		{81E208BC-39B6-4CA3-81F1-C847D47330D1}.Debug|Windows-ARM.Build.0 = Debug|Any CPU
		{81E208BC-39B6-4CA3-81F1-C847D47330D1}.Debug|Windows-x64.ActiveCfg = Debug|Any CPU
		{81E208BC-39B6-4CA3-81F1-C847D47330D1}.Debug|Windows-x64.Build.0 = Debug|Any CPU
		{81E208BC-39B6-4CA3-81F1-C847D47330D1}.Debug|Windows-x86.ActiveCfg = Debug|Any CPU
		{81E208BC-39B6-4CA3-81F1-C847D47330D1}.Debug|Windows-x86.Build.0 = Debug|Any CPU
		{81E208BC-39B6-4CA3-81F1-C847D47330D1}.Release|Android.ActiveCfg = Release|Any CPU
		{81E208BC-39B6-4CA3-81F1-C847D47330D1}.Release|Android.Build.0 = Release|Any CPU
		{81E208BC-39B6-4CA3-81F1-C847D47330D1}.Release|Any CPU.ActiveCfg = Release|Any CPU
		{81E208BC-39B6-4CA3-81F1-C847D47330D1}.Release|Any CPU.Build.0 = Release|Any CPU
		{81E208BC-39B6-4CA3-81F1-C847D47330D1}.Release|iOS.ActiveCfg = Release|Any CPU
		{81E208BC-39B6-4CA3-81F1-C847D47330D1}.Release|iOS.Build.0 = Release|Any CPU
		{81E208BC-39B6-4CA3-81F1-C847D47330D1}.Release|Windows-ARM.ActiveCfg = Release|Any CPU
		{81E208BC-39B6-4CA3-81F1-C847D47330D1}.Release|Windows-ARM.Build.0 = Release|Any CPU
		{81E208BC-39B6-4CA3-81F1-C847D47330D1}.Release|Windows-x64.ActiveCfg = Release|Any CPU
		{81E208BC-39B6-4CA3-81F1-C847D47330D1}.Release|Windows-x64.Build.0 = Release|Any CPU
		{81E208BC-39B6-4CA3-81F1-C847D47330D1}.Release|Windows-x86.ActiveCfg = Release|Any CPU
		{81E208BC-39B6-4CA3-81F1-C847D47330D1}.Release|Windows-x86.Build.0 = Release|Any CPU
		{56F9A112-FD96-4809-98F4-0D7C5DE0711B}.Debug|Android.ActiveCfg = Debug|Any CPU
		{56F9A112-FD96-4809-98F4-0D7C5DE0711B}.Debug|Android.Build.0 = Debug|Any CPU
		{56F9A112-FD96-4809-98F4-0D7C5DE0711B}.Debug|Any CPU.ActiveCfg = Debug|Any CPU
		{56F9A112-FD96-4809-98F4-0D7C5DE0711B}.Debug|Any CPU.Build.0 = Debug|Any CPU
		{56F9A112-FD96-4809-98F4-0D7C5DE0711B}.Debug|iOS.ActiveCfg = Debug|Any CPU
		{56F9A112-FD96-4809-98F4-0D7C5DE0711B}.Debug|iOS.Build.0 = Debug|Any CPU
		{56F9A112-FD96-4809-98F4-0D7C5DE0711B}.Debug|Windows-ARM.ActiveCfg = Debug|Any CPU
		{56F9A112-FD96-4809-98F4-0D7C5DE0711B}.Debug|Windows-ARM.Build.0 = Debug|Any CPU
		{56F9A112-FD96-4809-98F4-0D7C5DE0711B}.Debug|Windows-x64.ActiveCfg = Debug|Any CPU
		{56F9A112-FD96-4809-98F4-0D7C5DE0711B}.Debug|Windows-x64.Build.0 = Debug|Any CPU
		{56F9A112-FD96-4809-98F4-0D7C5DE0711B}.Debug|Windows-x86.ActiveCfg = Debug|Any CPU
		{56F9A112-FD96-4809-98F4-0D7C5DE0711B}.Debug|Windows-x86.Build.0 = Debug|Any CPU
		{56F9A112-FD96-4809-98F4-0D7C5DE0711B}.Release|Android.ActiveCfg = Release|Any CPU
		{56F9A112-FD96-4809-98F4-0D7C5DE0711B}.Release|Android.Build.0 = Release|Any CPU
		{56F9A112-FD96-4809-98F4-0D7C5DE0711B}.Release|Any CPU.ActiveCfg = Release|Any CPU
		{56F9A112-FD96-4809-98F4-0D7C5DE0711B}.Release|Any CPU.Build.0 = Release|Any CPU
		{56F9A112-FD96-4809-98F4-0D7C5DE0711B}.Release|iOS.ActiveCfg = Release|Any CPU
		{56F9A112-FD96-4809-98F4-0D7C5DE0711B}.Release|iOS.Build.0 = Release|Any CPU
		{56F9A112-FD96-4809-98F4-0D7C5DE0711B}.Release|Windows-ARM.ActiveCfg = Release|Any CPU
		{56F9A112-FD96-4809-98F4-0D7C5DE0711B}.Release|Windows-ARM.Build.0 = Release|Any CPU
		{56F9A112-FD96-4809-98F4-0D7C5DE0711B}.Release|Windows-x64.ActiveCfg = Release|Any CPU
		{56F9A112-FD96-4809-98F4-0D7C5DE0711B}.Release|Windows-x64.Build.0 = Release|Any CPU
		{56F9A112-FD96-4809-98F4-0D7C5DE0711B}.Release|Windows-x86.ActiveCfg = Release|Any CPU
		{56F9A112-FD96-4809-98F4-0D7C5DE0711B}.Release|Windows-x86.Build.0 = Release|Any CPU
		{A6C7C75A-7BAF-4534-BC56-5818D8DC8CD1}.Debug|Android.ActiveCfg = Debug|Any CPU
		{A6C7C75A-7BAF-4534-BC56-5818D8DC8CD1}.Debug|Android.Build.0 = Debug|Any CPU
		{A6C7C75A-7BAF-4534-BC56-5818D8DC8CD1}.Debug|Any CPU.ActiveCfg = Debug|Any CPU
		{A6C7C75A-7BAF-4534-BC56-5818D8DC8CD1}.Debug|Any CPU.Build.0 = Debug|Any CPU
		{A6C7C75A-7BAF-4534-BC56-5818D8DC8CD1}.Debug|iOS.ActiveCfg = Debug|Any CPU
		{A6C7C75A-7BAF-4534-BC56-5818D8DC8CD1}.Debug|iOS.Build.0 = Debug|Any CPU
		{A6C7C75A-7BAF-4534-BC56-5818D8DC8CD1}.Debug|Windows-ARM.ActiveCfg = Debug|Any CPU
		{A6C7C75A-7BAF-4534-BC56-5818D8DC8CD1}.Debug|Windows-ARM.Build.0 = Debug|Any CPU
		{A6C7C75A-7BAF-4534-BC56-5818D8DC8CD1}.Debug|Windows-x64.ActiveCfg = Debug|Any CPU
		{A6C7C75A-7BAF-4534-BC56-5818D8DC8CD1}.Debug|Windows-x64.Build.0 = Debug|Any CPU
		{A6C7C75A-7BAF-4534-BC56-5818D8DC8CD1}.Debug|Windows-x86.ActiveCfg = Debug|Any CPU
		{A6C7C75A-7BAF-4534-BC56-5818D8DC8CD1}.Debug|Windows-x86.Build.0 = Debug|Any CPU
		{A6C7C75A-7BAF-4534-BC56-5818D8DC8CD1}.Release|Android.ActiveCfg = Release|Any CPU
		{A6C7C75A-7BAF-4534-BC56-5818D8DC8CD1}.Release|Android.Build.0 = Release|Any CPU
		{A6C7C75A-7BAF-4534-BC56-5818D8DC8CD1}.Release|Any CPU.ActiveCfg = Release|Any CPU
		{A6C7C75A-7BAF-4534-BC56-5818D8DC8CD1}.Release|Any CPU.Build.0 = Release|Any CPU
		{A6C7C75A-7BAF-4534-BC56-5818D8DC8CD1}.Release|iOS.ActiveCfg = Release|Any CPU
		{A6C7C75A-7BAF-4534-BC56-5818D8DC8CD1}.Release|iOS.Build.0 = Release|Any CPU
		{A6C7C75A-7BAF-4534-BC56-5818D8DC8CD1}.Release|Windows-ARM.ActiveCfg = Release|Any CPU
		{A6C7C75A-7BAF-4534-BC56-5818D8DC8CD1}.Release|Windows-ARM.Build.0 = Release|Any CPU
		{A6C7C75A-7BAF-4534-BC56-5818D8DC8CD1}.Release|Windows-x64.ActiveCfg = Release|Any CPU
		{A6C7C75A-7BAF-4534-BC56-5818D8DC8CD1}.Release|Windows-x64.Build.0 = Release|Any CPU
		{A6C7C75A-7BAF-4534-BC56-5818D8DC8CD1}.Release|Windows-x86.ActiveCfg = Release|Any CPU
		{A6C7C75A-7BAF-4534-BC56-5818D8DC8CD1}.Release|Windows-x86.Build.0 = Release|Any CPU
		{0CDD0DC8-74CF-4C71-923C-66204A8923D3}.Debug|Android.ActiveCfg = Debug|Any CPU
		{0CDD0DC8-74CF-4C71-923C-66204A8923D3}.Debug|Android.Build.0 = Debug|Any CPU
		{0CDD0DC8-74CF-4C71-923C-66204A8923D3}.Debug|Any CPU.ActiveCfg = Debug|Any CPU
		{0CDD0DC8-74CF-4C71-923C-66204A8923D3}.Debug|Any CPU.Build.0 = Debug|Any CPU
		{0CDD0DC8-74CF-4C71-923C-66204A8923D3}.Debug|iOS.ActiveCfg = Debug|Any CPU
		{0CDD0DC8-74CF-4C71-923C-66204A8923D3}.Debug|iOS.Build.0 = Debug|Any CPU
		{0CDD0DC8-74CF-4C71-923C-66204A8923D3}.Debug|Windows-ARM.ActiveCfg = Debug|Any CPU
		{0CDD0DC8-74CF-4C71-923C-66204A8923D3}.Debug|Windows-ARM.Build.0 = Debug|Any CPU
		{0CDD0DC8-74CF-4C71-923C-66204A8923D3}.Debug|Windows-x64.ActiveCfg = Debug|Any CPU
		{0CDD0DC8-74CF-4C71-923C-66204A8923D3}.Debug|Windows-x64.Build.0 = Debug|Any CPU
		{0CDD0DC8-74CF-4C71-923C-66204A8923D3}.Debug|Windows-x86.ActiveCfg = Debug|Any CPU
		{0CDD0DC8-74CF-4C71-923C-66204A8923D3}.Debug|Windows-x86.Build.0 = Debug|Any CPU
		{0CDD0DC8-74CF-4C71-923C-66204A8923D3}.Release|Android.ActiveCfg = Release|Any CPU
		{0CDD0DC8-74CF-4C71-923C-66204A8923D3}.Release|Android.Build.0 = Release|Any CPU
		{0CDD0DC8-74CF-4C71-923C-66204A8923D3}.Release|Any CPU.ActiveCfg = Release|Any CPU
		{0CDD0DC8-74CF-4C71-923C-66204A8923D3}.Release|Any CPU.Build.0 = Release|Any CPU
		{0CDD0DC8-74CF-4C71-923C-66204A8923D3}.Release|iOS.ActiveCfg = Release|Any CPU
		{0CDD0DC8-74CF-4C71-923C-66204A8923D3}.Release|iOS.Build.0 = Release|Any CPU
		{0CDD0DC8-74CF-4C71-923C-66204A8923D3}.Release|Windows-ARM.ActiveCfg = Release|Any CPU
		{0CDD0DC8-74CF-4C71-923C-66204A8923D3}.Release|Windows-ARM.Build.0 = Release|Any CPU
		{0CDD0DC8-74CF-4C71-923C-66204A8923D3}.Release|Windows-x64.ActiveCfg = Release|Any CPU
		{0CDD0DC8-74CF-4C71-923C-66204A8923D3}.Release|Windows-x64.Build.0 = Release|Any CPU
		{0CDD0DC8-74CF-4C71-923C-66204A8923D3}.Release|Windows-x86.ActiveCfg = Release|Any CPU
		{0CDD0DC8-74CF-4C71-923C-66204A8923D3}.Release|Windows-x86.Build.0 = Release|Any CPU
		{E9877A25-801B-4605-AD35-E6306916513C}.Debug|Android.ActiveCfg = Debug|Any CPU
		{E9877A25-801B-4605-AD35-E6306916513C}.Debug|Android.Build.0 = Debug|Any CPU
		{E9877A25-801B-4605-AD35-E6306916513C}.Debug|Any CPU.ActiveCfg = Debug|Any CPU
		{E9877A25-801B-4605-AD35-E6306916513C}.Debug|Any CPU.Build.0 = Debug|Any CPU
		{E9877A25-801B-4605-AD35-E6306916513C}.Debug|iOS.ActiveCfg = Debug|Any CPU
		{E9877A25-801B-4605-AD35-E6306916513C}.Debug|iOS.Build.0 = Debug|Any CPU
		{E9877A25-801B-4605-AD35-E6306916513C}.Debug|Windows-ARM.ActiveCfg = Debug|Any CPU
		{E9877A25-801B-4605-AD35-E6306916513C}.Debug|Windows-ARM.Build.0 = Debug|Any CPU
		{E9877A25-801B-4605-AD35-E6306916513C}.Debug|Windows-x64.ActiveCfg = Debug|Any CPU
		{E9877A25-801B-4605-AD35-E6306916513C}.Debug|Windows-x64.Build.0 = Debug|Any CPU
		{E9877A25-801B-4605-AD35-E6306916513C}.Debug|Windows-x86.ActiveCfg = Debug|Any CPU
		{E9877A25-801B-4605-AD35-E6306916513C}.Debug|Windows-x86.Build.0 = Debug|Any CPU
		{E9877A25-801B-4605-AD35-E6306916513C}.Release|Android.ActiveCfg = Release|Any CPU
		{E9877A25-801B-4605-AD35-E6306916513C}.Release|Android.Build.0 = Release|Any CPU
		{E9877A25-801B-4605-AD35-E6306916513C}.Release|Any CPU.ActiveCfg = Release|Any CPU
		{E9877A25-801B-4605-AD35-E6306916513C}.Release|Any CPU.Build.0 = Release|Any CPU
		{E9877A25-801B-4605-AD35-E6306916513C}.Release|iOS.ActiveCfg = Release|Any CPU
		{E9877A25-801B-4605-AD35-E6306916513C}.Release|iOS.Build.0 = Release|Any CPU
		{E9877A25-801B-4605-AD35-E6306916513C}.Release|Windows-ARM.ActiveCfg = Release|Any CPU
		{E9877A25-801B-4605-AD35-E6306916513C}.Release|Windows-ARM.Build.0 = Release|Any CPU
		{E9877A25-801B-4605-AD35-E6306916513C}.Release|Windows-x64.ActiveCfg = Release|Any CPU
		{E9877A25-801B-4605-AD35-E6306916513C}.Release|Windows-x64.Build.0 = Release|Any CPU
		{E9877A25-801B-4605-AD35-E6306916513C}.Release|Windows-x86.ActiveCfg = Release|Any CPU
		{E9877A25-801B-4605-AD35-E6306916513C}.Release|Windows-x86.Build.0 = Release|Any CPU
		{8F770F8B-06B3-43DA-886F-15D41CEC62EE}.Debug|Android.ActiveCfg = Debug|Any CPU
		{8F770F8B-06B3-43DA-886F-15D41CEC62EE}.Debug|Android.Build.0 = Debug|Any CPU
		{8F770F8B-06B3-43DA-886F-15D41CEC62EE}.Debug|Any CPU.ActiveCfg = Debug|Any CPU
		{8F770F8B-06B3-43DA-886F-15D41CEC62EE}.Debug|Any CPU.Build.0 = Debug|Any CPU
		{8F770F8B-06B3-43DA-886F-15D41CEC62EE}.Debug|iOS.ActiveCfg = Debug|Any CPU
		{8F770F8B-06B3-43DA-886F-15D41CEC62EE}.Debug|iOS.Build.0 = Debug|Any CPU
		{8F770F8B-06B3-43DA-886F-15D41CEC62EE}.Debug|Windows-ARM.ActiveCfg = Debug|Any CPU
		{8F770F8B-06B3-43DA-886F-15D41CEC62EE}.Debug|Windows-ARM.Build.0 = Debug|Any CPU
		{8F770F8B-06B3-43DA-886F-15D41CEC62EE}.Debug|Windows-x64.ActiveCfg = Debug|Any CPU
		{8F770F8B-06B3-43DA-886F-15D41CEC62EE}.Debug|Windows-x64.Build.0 = Debug|Any CPU
		{8F770F8B-06B3-43DA-886F-15D41CEC62EE}.Debug|Windows-x86.ActiveCfg = Debug|Any CPU
		{8F770F8B-06B3-43DA-886F-15D41CEC62EE}.Debug|Windows-x86.Build.0 = Debug|Any CPU
		{8F770F8B-06B3-43DA-886F-15D41CEC62EE}.Release|Android.ActiveCfg = Release|Any CPU
		{8F770F8B-06B3-43DA-886F-15D41CEC62EE}.Release|Android.Build.0 = Release|Any CPU
		{8F770F8B-06B3-43DA-886F-15D41CEC62EE}.Release|Any CPU.ActiveCfg = Release|Any CPU
		{8F770F8B-06B3-43DA-886F-15D41CEC62EE}.Release|Any CPU.Build.0 = Release|Any CPU
		{8F770F8B-06B3-43DA-886F-15D41CEC62EE}.Release|iOS.ActiveCfg = Release|Any CPU
		{8F770F8B-06B3-43DA-886F-15D41CEC62EE}.Release|iOS.Build.0 = Release|Any CPU
		{8F770F8B-06B3-43DA-886F-15D41CEC62EE}.Release|Windows-ARM.ActiveCfg = Release|Any CPU
		{8F770F8B-06B3-43DA-886F-15D41CEC62EE}.Release|Windows-ARM.Build.0 = Release|Any CPU
		{8F770F8B-06B3-43DA-886F-15D41CEC62EE}.Release|Windows-x64.ActiveCfg = Release|Any CPU
		{8F770F8B-06B3-43DA-886F-15D41CEC62EE}.Release|Windows-x64.Build.0 = Release|Any CPU
		{8F770F8B-06B3-43DA-886F-15D41CEC62EE}.Release|Windows-x86.ActiveCfg = Release|Any CPU
		{8F770F8B-06B3-43DA-886F-15D41CEC62EE}.Release|Windows-x86.Build.0 = Release|Any CPU
	EndGlobalSection
	GlobalSection(SolutionProperties) = preSolution
		HideSolutionNode = FALSE
	EndGlobalSection
	GlobalSection(NestedProjects) = preSolution
		{BBB63BC5-EBF2-4ED2-8804-7187223C3DF5} = {C6B09613-CC72-4D16-8056-1FD68ED86BF3}
		{5C21750D-4143-4749-9489-F739765F542D} = {C6B09613-CC72-4D16-8056-1FD68ED86BF3}
		{0922D521-971B-48E1-A1FF-7AB7B1E8EF61} = {C6B09613-CC72-4D16-8056-1FD68ED86BF3}
		{27B3C269-FF3F-4E1C-9B92-A40F6B4857E0} = {C6B09613-CC72-4D16-8056-1FD68ED86BF3}
		{8533DB03-B16B-4192-BF8B-137FC33AAF12} = {C6B09613-CC72-4D16-8056-1FD68ED86BF3}
		{2F94FC64-4D55-4874-8A71-95E9DB1F2AAD} = {29DFF52B-8455-4EA1-8798-3AEE210D9372}
		{CF8AE293-88AB-436C-9720-A8386BA5D7B7} = {5C21750D-4143-4749-9489-F739765F542D}
		{AD556B7A-E0D1-41BD-9D5B-18F8502E9F33} = {5C21750D-4143-4749-9489-F739765F542D}
		{81C03609-AE0D-414C-829B-16B990487ADD} = {0922D521-971B-48E1-A1FF-7AB7B1E8EF61}
		{13808645-2013-4896-8EE2-65144E222C69} = {BBB63BC5-EBF2-4ED2-8804-7187223C3DF5}
		{68902FCF-C439-4010-B17B-2499C972EE33} = {BBB63BC5-EBF2-4ED2-8804-7187223C3DF5}
		{975F2CB8-605C-4ADD-B365-B97BF844F0FE} = {BBB63BC5-EBF2-4ED2-8804-7187223C3DF5}
		{D27E14DC-B68C-408D-A2E3-FDB38665ECBB} = {8533DB03-B16B-4192-BF8B-137FC33AAF12}
		{C329F9E1-4327-4769-9D08-07E6FEC41005} = {27B3C269-FF3F-4E1C-9B92-A40F6B4857E0}
		{82069F3A-AB45-4F8B-B2BF-A36B14208F41} = {27B3C269-FF3F-4E1C-9B92-A40F6B4857E0}
		{890532F8-5205-4EE9-965C-84500CAD24DE} = {27B3C269-FF3F-4E1C-9B92-A40F6B4857E0}
		{7F5E2A6C-C859-494A-8577-75BF9603A80C} = {27B3C269-FF3F-4E1C-9B92-A40F6B4857E0}
		{79F8E2F1-08E7-4336-93E0-512B39F9DD54} = {EB13D46C-0BFF-4245-AC36-41006C7ECA26}
		{36FA9414-767E-4806-9E45-2075216B1070} = {16DDB25D-3101-47A2-BDC8-161954FD77FA}
		{FE4CB79E-7F98-4683-BC4A-5173A5BC5636} = {27B3C269-FF3F-4E1C-9B92-A40F6B4857E0}
		{5F3FDF79-A47E-4782-A090-DD0DC2D5CDC1} = {16DDB25D-3101-47A2-BDC8-161954FD77FA}
		{10BAA80B-16F5-4514-902D-F9F7FA608BDD} = {16DDB25D-3101-47A2-BDC8-161954FD77FA}
		{EB13D46C-0BFF-4245-AC36-41006C7ECA26} = {656B47C1-3922-4F0B-820E-00BA9BDB33B1}
		{16DDB25D-3101-47A2-BDC8-161954FD77FA} = {656B47C1-3922-4F0B-820E-00BA9BDB33B1}
		{BB319097-537F-4937-9ABF-62DCB0F25C76} = {656B47C1-3922-4F0B-820E-00BA9BDB33B1}
		{FA8E854B-F41C-4554-A97E-8D6E076E3117} = {ED258CD0-0A0C-490B-9D8F-B4CEC4467251}
		{2EA7744F-7317-454A-8250-AF06C37949A7} = {ED258CD0-0A0C-490B-9D8F-B4CEC4467251}
		{9164926B-150A-47D6-B384-A41AA4A7BC5D} = {16DDB25D-3101-47A2-BDC8-161954FD77FA}
		{DB34DFC9-7227-41FA-88AA-832DBF247811} = {16DDB25D-3101-47A2-BDC8-161954FD77FA}
		{88D8E99D-DF26-4506-83C5-51E354818BEF} = {16DDB25D-3101-47A2-BDC8-161954FD77FA}
		{886B15B8-7B60-4872-85D1-7F47AC0951EF} = {16DDB25D-3101-47A2-BDC8-161954FD77FA}
		{81E208BC-39B6-4CA3-81F1-C847D47330D1} = {16DDB25D-3101-47A2-BDC8-161954FD77FA}
		{56F9A112-FD96-4809-98F4-0D7C5DE0711B} = {BB319097-537F-4937-9ABF-62DCB0F25C76}
		{A6C7C75A-7BAF-4534-BC56-5818D8DC8CD1} = {ED258CD0-0A0C-490B-9D8F-B4CEC4467251}
		{0CDD0DC8-74CF-4C71-923C-66204A8923D3} = {16DDB25D-3101-47A2-BDC8-161954FD77FA}
		{E9877A25-801B-4605-AD35-E6306916513C} = {16DDB25D-3101-47A2-BDC8-161954FD77FA}
		{8F770F8B-06B3-43DA-886F-15D41CEC62EE} = {16DDB25D-3101-47A2-BDC8-161954FD77FA}
	EndGlobalSection
	GlobalSection(ExtensibilityGlobals) = postSolution
		EnterpriseLibraryConfigurationToolBinariesPath = packages\Unity.2.1.505.0\lib\NET35
		SolutionGuid = {968C278F-4142-4DFF-96B0-B3D70A649451}
	EndGlobalSection
EndGlobal
